// !$*UTF8*$!
{
	archiveVersion = 1;
	classes = {
	};
	objectVersion = 46;
	objects = {

/* Begin PBXBuildFile section */
		06674F243AB658851A3BDB77 /* libPods.a in Frameworks */ = {isa = PBXBuildFile; fileRef = 54E7F3918299C1761618F36C /* libPods.a */; };
		7C36A8651B875CEF0072EB0A /* NSString+Helper.m in Sources */ = {isa = PBXBuildFile; fileRef = 7C36A8641B875CEF0072EB0A /* NSString+Helper.m */; };
		7CCC61CF1B7B38BA003A468F /* main.m in Sources */ = {isa = PBXBuildFile; fileRef = 7CCC61CE1B7B38BA003A468F /* main.m */; };
		7CCC61D21B7B38BA003A468F /* AppDelegate.m in Sources */ = {isa = PBXBuildFile; fileRef = 7CCC61D11B7B38BA003A468F /* AppDelegate.m */; };
		7CCC61D51B7B38BA003A468F /* OHViewController.m in Sources */ = {isa = PBXBuildFile; fileRef = 7CCC61D41B7B38BA003A468F /* OHViewController.m */; };
		7CCC61D81B7B38BA003A468F /* Main.storyboard in Resources */ = {isa = PBXBuildFile; fileRef = 7CCC61D61B7B38BA003A468F /* Main.storyboard */; };
		7CCC61DA1B7B38BA003A468F /* Images.xcassets in Resources */ = {isa = PBXBuildFile; fileRef = 7CCC61D91B7B38BA003A468F /* Images.xcassets */; };
		7CCC61DD1B7B38BA003A468F /* LaunchScreen.xib in Resources */ = {isa = PBXBuildFile; fileRef = 7CCC61DB1B7B38BA003A468F /* LaunchScreen.xib */; };
		7CCC61E91B7B38BA003A468F /* MySQLTests.m in Sources */ = {isa = PBXBuildFile; fileRef = 7CCC61E81B7B38BA003A468F /* MySQLTests.m */; };
		7CCC61F41B7B5601003A468F /* OHMySQLManager.m in Sources */ = {isa = PBXBuildFile; fileRef = 7CCC61F31B7B5601003A468F /* OHMySQLManager.m */; };
		7CCC61F71B7B5648003A468F /* OHMySQLQuery.m in Sources */ = {isa = PBXBuildFile; fileRef = 7CCC61F61B7B5648003A468F /* OHMySQLQuery.m */; };
		7CCC61F91B7B5661003A468F /* Foundation.framework in Frameworks */ = {isa = PBXBuildFile; fileRef = 7CCC61F81B7B5661003A468F /* Foundation.framework */; settings = {ATTRIBUTES = (Required, ); }; };
		7CCC61FE1B7B5825003A468F /* OHMySQLUser.m in Sources */ = {isa = PBXBuildFile; fileRef = 7CCC61FD1B7B5825003A468F /* OHMySQLUser.m */; };
/* End PBXBuildFile section */

/* Begin PBXContainerItemProxy section */
		7CCC61E31B7B38BA003A468F /* PBXContainerItemProxy */ = {
			isa = PBXContainerItemProxy;
			containerPortal = 7CCC61C11B7B38BA003A468F /* Project object */;
			proxyType = 1;
			remoteGlobalIDString = 7CCC61C81B7B38BA003A468F;
			remoteInfo = MySQL;
		};
/* End PBXContainerItemProxy section */

/* Begin PBXFileReference section */
		54E7F3918299C1761618F36C /* libPods.a */ = {isa = PBXFileReference; explicitFileType = archive.ar; includeInIndex = 0; path = libPods.a; sourceTree = BUILT_PRODUCTS_DIR; };
		7C36A8631B875CEF0072EB0A /* NSString+Helper.h */ = {isa = PBXFileReference; fileEncoding = 4; lastKnownFileType = sourcecode.c.h; path = "NSString+Helper.h"; sourceTree = "<group>"; };
		7C36A8641B875CEF0072EB0A /* NSString+Helper.m */ = {isa = PBXFileReference; fileEncoding = 4; lastKnownFileType = sourcecode.c.objc; path = "NSString+Helper.m"; sourceTree = "<group>"; };
		7C44FDDB1B87A5030037B87D /* OHConstants.h */ = {isa = PBXFileReference; lastKnownFileType = sourcecode.c.h; path = OHConstants.h; sourceTree = "<group>"; };
		7C44FDDC1B87A6AF0037B87D /* OHMySQL.h */ = {isa = PBXFileReference; lastKnownFileType = sourcecode.c.h; path = OHMySQL.h; sourceTree = "<group>"; };
		7CCC61C91B7B38BA003A468F /* OHMySQL.app */ = {isa = PBXFileReference; explicitFileType = wrapper.application; includeInIndex = 0; path = OHMySQL.app; sourceTree = BUILT_PRODUCTS_DIR; };
		7CCC61CD1B7B38BA003A468F /* Info.plist */ = {isa = PBXFileReference; lastKnownFileType = text.plist.xml; path = Info.plist; sourceTree = "<group>"; };
		7CCC61CE1B7B38BA003A468F /* main.m */ = {isa = PBXFileReference; lastKnownFileType = sourcecode.c.objc; path = main.m; sourceTree = "<group>"; };
		7CCC61D01B7B38BA003A468F /* AppDelegate.h */ = {isa = PBXFileReference; lastKnownFileType = sourcecode.c.h; path = AppDelegate.h; sourceTree = "<group>"; };
		7CCC61D11B7B38BA003A468F /* AppDelegate.m */ = {isa = PBXFileReference; lastKnownFileType = sourcecode.c.objc; path = AppDelegate.m; sourceTree = "<group>"; };
		7CCC61D31B7B38BA003A468F /* OHViewController.h */ = {isa = PBXFileReference; lastKnownFileType = sourcecode.c.h; path = OHViewController.h; sourceTree = "<group>"; };
		7CCC61D41B7B38BA003A468F /* OHViewController.m */ = {isa = PBXFileReference; lastKnownFileType = sourcecode.c.objc; path = OHViewController.m; sourceTree = "<group>"; };
		7CCC61D71B7B38BA003A468F /* Base */ = {isa = PBXFileReference; lastKnownFileType = file.storyboard; name = Base; path = Base.lproj/Main.storyboard; sourceTree = "<group>"; };
		7CCC61D91B7B38BA003A468F /* Images.xcassets */ = {isa = PBXFileReference; lastKnownFileType = folder.assetcatalog; path = Images.xcassets; sourceTree = "<group>"; };
		7CCC61DC1B7B38BA003A468F /* Base */ = {isa = PBXFileReference; lastKnownFileType = file.xib; name = Base; path = Base.lproj/LaunchScreen.xib; sourceTree = "<group>"; };
		7CCC61E21B7B38BA003A468F /* OHMySQLTests.xctest */ = {isa = PBXFileReference; explicitFileType = wrapper.cfbundle; includeInIndex = 0; path = OHMySQLTests.xctest; sourceTree = BUILT_PRODUCTS_DIR; };
		7CCC61E71B7B38BA003A468F /* Info.plist */ = {isa = PBXFileReference; lastKnownFileType = text.plist.xml; path = Info.plist; sourceTree = "<group>"; };
		7CCC61E81B7B38BA003A468F /* MySQLTests.m */ = {isa = PBXFileReference; lastKnownFileType = sourcecode.c.objc; path = MySQLTests.m; sourceTree = "<group>"; };
		7CCC61F21B7B5601003A468F /* OHMySQLManager.h */ = {isa = PBXFileReference; fileEncoding = 4; lastKnownFileType = sourcecode.c.h; path = OHMySQLManager.h; sourceTree = "<group>"; };
		7CCC61F31B7B5601003A468F /* OHMySQLManager.m */ = {isa = PBXFileReference; fileEncoding = 4; lastKnownFileType = sourcecode.c.objc; path = OHMySQLManager.m; sourceTree = "<group>"; };
		7CCC61F51B7B5648003A468F /* OHMySQLQuery.h */ = {isa = PBXFileReference; fileEncoding = 4; lastKnownFileType = sourcecode.c.h; path = OHMySQLQuery.h; sourceTree = "<group>"; };
		7CCC61F61B7B5648003A468F /* OHMySQLQuery.m */ = {isa = PBXFileReference; fileEncoding = 4; lastKnownFileType = sourcecode.c.objc; path = OHMySQLQuery.m; sourceTree = "<group>"; };
		7CCC61F81B7B5661003A468F /* Foundation.framework */ = {isa = PBXFileReference; lastKnownFileType = wrapper.framework; name = Foundation.framework; path = System/Library/Frameworks/Foundation.framework; sourceTree = SDKROOT; };
		7CCC61FA1B7B566A003A468F /* CoreFoundation.framework */ = {isa = PBXFileReference; lastKnownFileType = wrapper.framework; name = CoreFoundation.framework; path = System/Library/Frameworks/CoreFoundation.framework; sourceTree = SDKROOT; };
		7CCC61FC1B7B5825003A468F /* OHMySQLUser.h */ = {isa = PBXFileReference; fileEncoding = 4; lastKnownFileType = sourcecode.c.h; path = OHMySQLUser.h; sourceTree = "<group>"; };
		7CCC61FD1B7B5825003A468F /* OHMySQLUser.m */ = {isa = PBXFileReference; fileEncoding = 4; lastKnownFileType = sourcecode.c.objc; path = OHMySQLUser.m; sourceTree = "<group>"; };
		F383C11697CBDCC57F8BAF7E /* Pods.debug.xcconfig */ = {isa = PBXFileReference; includeInIndex = 1; lastKnownFileType = text.xcconfig; name = Pods.debug.xcconfig; path = "Pods/Target Support Files/Pods/Pods.debug.xcconfig"; sourceTree = "<group>"; };
		F8D71F15E5B73A62DE3B7D74 /* Pods.release.xcconfig */ = {isa = PBXFileReference; includeInIndex = 1; lastKnownFileType = text.xcconfig; name = Pods.release.xcconfig; path = "Pods/Target Support Files/Pods/Pods.release.xcconfig"; sourceTree = "<group>"; };
/* End PBXFileReference section */

/* Begin PBXFrameworksBuildPhase section */
		7CCC61C61B7B38BA003A468F /* Frameworks */ = {
			isa = PBXFrameworksBuildPhase;
			buildActionMask = 2147483647;
			files = (
				7CCC61F91B7B5661003A468F /* Foundation.framework in Frameworks */,
				06674F243AB658851A3BDB77 /* libPods.a in Frameworks */,
			);
			runOnlyForDeploymentPostprocessing = 0;
		};
		7CCC61DF1B7B38BA003A468F /* Frameworks */ = {
			isa = PBXFrameworksBuildPhase;
			buildActionMask = 2147483647;
			files = (
			);
			runOnlyForDeploymentPostprocessing = 0;
		};
/* End PBXFrameworksBuildPhase section */

/* Begin PBXGroup section */
		7CCC61C01B7B38BA003A468F = {
			isa = PBXGroup;
			children = (
				7CCC61CB1B7B38BA003A468F /* MySQL */,
				7CCC61E51B7B38BA003A468F /* MySQLTests */,
				7CCC61CA1B7B38BA003A468F /* Products */,
				B97B74721DA611951BF0DEFD /* Pods */,
				FE42F509C0FD8A891F7BA875 /* Frameworks */,
			);
			sourceTree = "<group>";
		};
		7CCC61CA1B7B38BA003A468F /* Products */ = {
			isa = PBXGroup;
			children = (
				7CCC61C91B7B38BA003A468F /* OHMySQL.app */,
				7CCC61E21B7B38BA003A468F /* OHMySQLTests.xctest */,
			);
			name = Products;
			sourceTree = "<group>";
		};
		7CCC61CB1B7B38BA003A468F /* MySQL */ = {
			isa = PBXGroup;
			children = (
				7CCC61FF1B7CCDF8003A468F /* OHMySQL */,
				7CCC61D31B7B38BA003A468F /* OHViewController.h */,
				7CCC61D41B7B38BA003A468F /* OHViewController.m */,
				7CCC61D61B7B38BA003A468F /* Main.storyboard */,
				7CCC61CC1B7B38BA003A468F /* Supporting Files */,
			);
			path = MySQL;
			sourceTree = "<group>";
		};
		7CCC61CC1B7B38BA003A468F /* Supporting Files */ = {
			isa = PBXGroup;
			children = (
				7CCC61D01B7B38BA003A468F /* AppDelegate.h */,
				7CCC61D11B7B38BA003A468F /* AppDelegate.m */,
				7CCC61D91B7B38BA003A468F /* Images.xcassets */,
				7CCC61DB1B7B38BA003A468F /* LaunchScreen.xib */,
				7CCC61CD1B7B38BA003A468F /* Info.plist */,
				7CCC61CE1B7B38BA003A468F /* main.m */,
			);
			path = "Supporting Files";
			sourceTree = "<group>";
		};
		7CCC61E51B7B38BA003A468F /* MySQLTests */ = {
			isa = PBXGroup;
			children = (
				7CCC61E81B7B38BA003A468F /* MySQLTests.m */,
				7CCC61E61B7B38BA003A468F /* Supporting Files */,
			);
			path = MySQLTests;
			sourceTree = "<group>";
		};
		7CCC61E61B7B38BA003A468F /* Supporting Files */ = {
			isa = PBXGroup;
			children = (
				7CCC61E71B7B38BA003A468F /* Info.plist */,
			);
			path = "Supporting Files";
			sourceTree = "<group>";
		};
		7CCC61FF1B7CCDF8003A468F /* OHMySQL */ = {
			isa = PBXGroup;
			children = (
				7C44FDDC1B87A6AF0037B87D /* OHMySQL.h */,
				7C44FDDB1B87A5030037B87D /* OHConstants.h */,
				7C36A8631B875CEF0072EB0A /* NSString+Helper.h */,
				7C36A8641B875CEF0072EB0A /* NSString+Helper.m */,
				7CCC61FC1B7B5825003A468F /* OHMySQLUser.h */,
				7CCC61FD1B7B5825003A468F /* OHMySQLUser.m */,
				7CCC61F51B7B5648003A468F /* OHMySQLQuery.h */,
				7CCC61F61B7B5648003A468F /* OHMySQLQuery.m */,
				7CCC61F21B7B5601003A468F /* OHMySQLManager.h */,
				7CCC61F31B7B5601003A468F /* OHMySQLManager.m */,
			);
			path = OHMySQL;
			sourceTree = "<group>";
		};
		B97B74721DA611951BF0DEFD /* Pods */ = {
			isa = PBXGroup;
			children = (
				F383C11697CBDCC57F8BAF7E /* Pods.debug.xcconfig */,
				F8D71F15E5B73A62DE3B7D74 /* Pods.release.xcconfig */,
			);
			name = Pods;
			sourceTree = "<group>";
		};
		FE42F509C0FD8A891F7BA875 /* Frameworks */ = {
			isa = PBXGroup;
			children = (
				7CCC61FA1B7B566A003A468F /* CoreFoundation.framework */,
				7CCC61F81B7B5661003A468F /* Foundation.framework */,
				54E7F3918299C1761618F36C /* libPods.a */,
			);
			name = Frameworks;
			sourceTree = "<group>";
		};
/* End PBXGroup section */

/* Begin PBXNativeTarget section */
		7CCC61C81B7B38BA003A468F /* OHMySQL */ = {
			isa = PBXNativeTarget;
			buildConfigurationList = 7CCC61EC1B7B38BA003A468F /* Build configuration list for PBXNativeTarget "OHMySQL" */;
			buildPhases = (
				F4494C2DF972AED2F12F5C57 /* Check Pods Manifest.lock */,
				7CCC61C51B7B38BA003A468F /* Sources */,
				7CCC61C61B7B38BA003A468F /* Frameworks */,
				7CCC61C71B7B38BA003A468F /* Resources */,
				DFA5E2A109D4303E9F1731CC /* Copy Pods Resources */,
			);
			buildRules = (
			);
			dependencies = (
			);
			name = OHMySQL;
			productName = MySQL;
			productReference = 7CCC61C91B7B38BA003A468F /* OHMySQL.app */;
			productType = "com.apple.product-type.application";
		};
		7CCC61E11B7B38BA003A468F /* OHMySQLTests */ = {
			isa = PBXNativeTarget;
			buildConfigurationList = 7CCC61EF1B7B38BA003A468F /* Build configuration list for PBXNativeTarget "OHMySQLTests" */;
			buildPhases = (
				7CCC61DE1B7B38BA003A468F /* Sources */,
				7CCC61DF1B7B38BA003A468F /* Frameworks */,
				7CCC61E01B7B38BA003A468F /* Resources */,
			);
			buildRules = (
			);
			dependencies = (
				7CCC61E41B7B38BA003A468F /* PBXTargetDependency */,
			);
			name = OHMySQLTests;
			productName = MySQLTests;
			productReference = 7CCC61E21B7B38BA003A468F /* OHMySQLTests.xctest */;
			productType = "com.apple.product-type.bundle.unit-test";
		};
/* End PBXNativeTarget section */

/* Begin PBXProject section */
		7CCC61C11B7B38BA003A468F /* Project object */ = {
			isa = PBXProject;
			attributes = {
				CLASSPREFIX = OH;
				LastUpgradeCheck = 0640;
				ORGANIZATIONNAME = "Oleg Hnidets";
				TargetAttributes = {
					7CCC61C81B7B38BA003A468F = {
						CreatedOnToolsVersion = 6.4;
					};
					7CCC61E11B7B38BA003A468F = {
						CreatedOnToolsVersion = 6.4;
						TestTargetID = 7CCC61C81B7B38BA003A468F;
					};
				};
			};
			buildConfigurationList = 7CCC61C41B7B38BA003A468F /* Build configuration list for PBXProject "OHMySQL" */;
			compatibilityVersion = "Xcode 3.2";
			developmentRegion = English;
			hasScannedForEncodings = 0;
			knownRegions = (
				en,
				Base,
			);
			mainGroup = 7CCC61C01B7B38BA003A468F;
			productRefGroup = 7CCC61CA1B7B38BA003A468F /* Products */;
			projectDirPath = "";
			projectRoot = "";
			targets = (
				7CCC61C81B7B38BA003A468F /* OHMySQL */,
				7CCC61E11B7B38BA003A468F /* OHMySQLTests */,
			);
		};
/* End PBXProject section */

/* Begin PBXResourcesBuildPhase section */
		7CCC61C71B7B38BA003A468F /* Resources */ = {
			isa = PBXResourcesBuildPhase;
			buildActionMask = 2147483647;
			files = (
				7CCC61D81B7B38BA003A468F /* Main.storyboard in Resources */,
				7CCC61DD1B7B38BA003A468F /* LaunchScreen.xib in Resources */,
				7CCC61DA1B7B38BA003A468F /* Images.xcassets in Resources */,
			);
			runOnlyForDeploymentPostprocessing = 0;
		};
		7CCC61E01B7B38BA003A468F /* Resources */ = {
			isa = PBXResourcesBuildPhase;
			buildActionMask = 2147483647;
			files = (
			);
			runOnlyForDeploymentPostprocessing = 0;
		};
/* End PBXResourcesBuildPhase section */

/* Begin PBXShellScriptBuildPhase section */
		DFA5E2A109D4303E9F1731CC /* Copy Pods Resources */ = {
			isa = PBXShellScriptBuildPhase;
			buildActionMask = 2147483647;
			files = (
			);
			inputPaths = (
			);
			name = "Copy Pods Resources";
			outputPaths = (
			);
			runOnlyForDeploymentPostprocessing = 0;
			shellPath = /bin/sh;
			shellScript = "\"${SRCROOT}/Pods/Target Support Files/Pods/Pods-resources.sh\"\n";
			showEnvVarsInLog = 0;
		};
		F4494C2DF972AED2F12F5C57 /* Check Pods Manifest.lock */ = {
			isa = PBXShellScriptBuildPhase;
			buildActionMask = 2147483647;
			files = (
			);
			inputPaths = (
			);
			name = "Check Pods Manifest.lock";
			outputPaths = (
			);
			runOnlyForDeploymentPostprocessing = 0;
			shellPath = /bin/sh;
			shellScript = "diff \"${PODS_ROOT}/../Podfile.lock\" \"${PODS_ROOT}/Manifest.lock\" > /dev/null\nif [[ $? != 0 ]] ; then\n    cat << EOM\nerror: The sandbox is not in sync with the Podfile.lock. Run 'pod install' or update your CocoaPods installation.\nEOM\n    exit 1\nfi\n";
			showEnvVarsInLog = 0;
		};
/* End PBXShellScriptBuildPhase section */

/* Begin PBXSourcesBuildPhase section */
		7CCC61C51B7B38BA003A468F /* Sources */ = {
			isa = PBXSourcesBuildPhase;
			buildActionMask = 2147483647;
			files = (
				7CCC61D51B7B38BA003A468F /* OHViewController.m in Sources */,
				7CCC61D21B7B38BA003A468F /* AppDelegate.m in Sources */,
				7CCC61CF1B7B38BA003A468F /* main.m in Sources */,
				7CCC61F41B7B5601003A468F /* OHMySQLManager.m in Sources */,
				7CCC61FE1B7B5825003A468F /* OHMySQLUser.m in Sources */,
				7CCC61F71B7B5648003A468F /* OHMySQLQuery.m in Sources */,
				7C36A8651B875CEF0072EB0A /* NSString+Helper.m in Sources */,
			);
			runOnlyForDeploymentPostprocessing = 0;
		};
		7CCC61DE1B7B38BA003A468F /* Sources */ = {
			isa = PBXSourcesBuildPhase;
			buildActionMask = 2147483647;
			files = (
				7CCC61E91B7B38BA003A468F /* MySQLTests.m in Sources */,
			);
			runOnlyForDeploymentPostprocessing = 0;
		};
/* End PBXSourcesBuildPhase section */

/* Begin PBXTargetDependency section */
		7CCC61E41B7B38BA003A468F /* PBXTargetDependency */ = {
			isa = PBXTargetDependency;
			target = 7CCC61C81B7B38BA003A468F /* OHMySQL */;
			targetProxy = 7CCC61E31B7B38BA003A468F /* PBXContainerItemProxy */;
		};
/* End PBXTargetDependency section */

/* Begin PBXVariantGroup section */
		7CCC61D61B7B38BA003A468F /* Main.storyboard */ = {
			isa = PBXVariantGroup;
			children = (
				7CCC61D71B7B38BA003A468F /* Base */,
			);
			name = Main.storyboard;
			path = .;
			sourceTree = "<group>";
		};
		7CCC61DB1B7B38BA003A468F /* LaunchScreen.xib */ = {
			isa = PBXVariantGroup;
			children = (
				7CCC61DC1B7B38BA003A468F /* Base */,
			);
			name = LaunchScreen.xib;
			path = .;
			sourceTree = "<group>";
		};
/* End PBXVariantGroup section */

/* Begin XCBuildConfiguration section */
		7CCC61EA1B7B38BA003A468F /* Debug */ = {
			isa = XCBuildConfiguration;
			buildSettings = {
				ALWAYS_SEARCH_USER_PATHS = NO;
				CLANG_CXX_LANGUAGE_STANDARD = "gnu++0x";
				CLANG_CXX_LIBRARY = "libc++";
				CLANG_ENABLE_MODULES = YES;
				CLANG_ENABLE_OBJC_ARC = YES;
				CLANG_WARN_BOOL_CONVERSION = YES;
				CLANG_WARN_CONSTANT_CONVERSION = YES;
				CLANG_WARN_DIRECT_OBJC_ISA_USAGE = YES_ERROR;
				CLANG_WARN_EMPTY_BODY = YES;
				CLANG_WARN_ENUM_CONVERSION = YES;
				CLANG_WARN_INT_CONVERSION = YES;
				CLANG_WARN_OBJC_ROOT_CLASS = YES_ERROR;
				CLANG_WARN_UNREACHABLE_CODE = YES;
				CLANG_WARN__DUPLICATE_METHOD_MATCH = YES;
				"CODE_SIGN_IDENTITY[sdk=iphoneos*]" = "";
				COPY_PHASE_STRIP = NO;
				DEBUG_INFORMATION_FORMAT = "dwarf-with-dsym";
				ENABLE_STRICT_OBJC_MSGSEND = YES;
				GCC_C_LANGUAGE_STANDARD = gnu99;
				GCC_DYNAMIC_NO_PIC = NO;
				GCC_NO_COMMON_BLOCKS = YES;
				GCC_OPTIMIZATION_LEVEL = 0;
				GCC_PREPROCESSOR_DEFINITIONS = (
					"DEBUG=1",
					"$(inherited)",
				);
				GCC_SYMBOLS_PRIVATE_EXTERN = NO;
				GCC_WARN_64_TO_32_BIT_CONVERSION = YES;
				GCC_WARN_ABOUT_RETURN_TYPE = YES_ERROR;
				GCC_WARN_UNDECLARED_SELECTOR = YES;
				GCC_WARN_UNINITIALIZED_AUTOS = YES_AGGRESSIVE;
				GCC_WARN_UNUSED_FUNCTION = YES;
				GCC_WARN_UNUSED_VARIABLE = YES;
				IPHONEOS_DEPLOYMENT_TARGET = 8.4;
				MTL_ENABLE_DEBUG_INFO = YES;
				ONLY_ACTIVE_ARCH = YES;
				SDKROOT = iphoneos;
			};
			name = Debug;
		};
		7CCC61EB1B7B38BA003A468F /* Release */ = {
			isa = XCBuildConfiguration;
			buildSettings = {
				ALWAYS_SEARCH_USER_PATHS = NO;
				CLANG_CXX_LANGUAGE_STANDARD = "gnu++0x";
				CLANG_CXX_LIBRARY = "libc++";
				CLANG_ENABLE_MODULES = YES;
				CLANG_ENABLE_OBJC_ARC = YES;
				CLANG_WARN_BOOL_CONVERSION = YES;
				CLANG_WARN_CONSTANT_CONVERSION = YES;
				CLANG_WARN_DIRECT_OBJC_ISA_USAGE = YES_ERROR;
				CLANG_WARN_EMPTY_BODY = YES;
				CLANG_WARN_ENUM_CONVERSION = YES;
				CLANG_WARN_INT_CONVERSION = YES;
				CLANG_WARN_OBJC_ROOT_CLASS = YES_ERROR;
				CLANG_WARN_UNREACHABLE_CODE = YES;
				CLANG_WARN__DUPLICATE_METHOD_MATCH = YES;
				"CODE_SIGN_IDENTITY[sdk=iphoneos*]" = "";
				COPY_PHASE_STRIP = NO;
				DEBUG_INFORMATION_FORMAT = "dwarf-with-dsym";
				ENABLE_NS_ASSERTIONS = NO;
				ENABLE_STRICT_OBJC_MSGSEND = YES;
				GCC_C_LANGUAGE_STANDARD = gnu99;
				GCC_NO_COMMON_BLOCKS = YES;
				GCC_WARN_64_TO_32_BIT_CONVERSION = YES;
				GCC_WARN_ABOUT_RETURN_TYPE = YES_ERROR;
				GCC_WARN_UNDECLARED_SELECTOR = YES;
				GCC_WARN_UNINITIALIZED_AUTOS = YES_AGGRESSIVE;
				GCC_WARN_UNUSED_FUNCTION = YES;
				GCC_WARN_UNUSED_VARIABLE = YES;
				IPHONEOS_DEPLOYMENT_TARGET = 8.4;
				MTL_ENABLE_DEBUG_INFO = NO;
				SDKROOT = iphoneos;
				VALIDATE_PRODUCT = YES;
			};
			name = Release;
		};
		7CCC61ED1B7B38BA003A468F /* Debug */ = {
			isa = XCBuildConfiguration;
			baseConfigurationReference = F383C11697CBDCC57F8BAF7E /* Pods.debug.xcconfig */;
			buildSettings = {
				ASSETCATALOG_COMPILER_APPICON_NAME = AppIcon;
				BUNDLE_LOADER = "";
				CLANG_WARN_DOCUMENTATION_COMMENTS = NO;
				INFOPLIST_FILE = "MySQL/Supporting Files/Info.plist";
				LD_RUNPATH_SEARCH_PATHS = "$(inherited) @executable_path/Frameworks";
				PRODUCT_NAME = OHMySQL;
			};
			name = Debug;
		};
		7CCC61EE1B7B38BA003A468F /* Release */ = {
			isa = XCBuildConfiguration;
			baseConfigurationReference = F8D71F15E5B73A62DE3B7D74 /* Pods.release.xcconfig */;
			buildSettings = {
				ASSETCATALOG_COMPILER_APPICON_NAME = AppIcon;
				BUNDLE_LOADER = "";
				CLANG_WARN_DOCUMENTATION_COMMENTS = NO;
				INFOPLIST_FILE = "MySQL/Supporting Files/Info.plist";
				LD_RUNPATH_SEARCH_PATHS = "$(inherited) @executable_path/Frameworks";
				PRODUCT_NAME = OHMySQL;
			};
			name = Release;
		};
		7CCC61F01B7B38BA003A468F /* Debug */ = {
			isa = XCBuildConfiguration;
			buildSettings = {
				BUNDLE_LOADER = "";
				FRAMEWORK_SEARCH_PATHS = (
					"$(SDKROOT)/Developer/Library/Frameworks",
					"$(inherited)",
				);
				GCC_PREPROCESSOR_DEFINITIONS = (
					"DEBUG=1",
					"$(inherited)",
				);
				INFOPLIST_FILE = "MySQLTests/Supporting Files/Info.plist";
				LD_RUNPATH_SEARCH_PATHS = "$(inherited) @executable_path/Frameworks @loader_path/Frameworks";
				PRODUCT_NAME = OHMySQLTests;
				TEST_HOST = "$(BUILT_PRODUCTS_DIR)/MySQL.app/MySQL";
			};
			name = Debug;
		};
		7CCC61F11B7B38BA003A468F /* Release */ = {
			isa = XCBuildConfiguration;
			buildSettings = {
				BUNDLE_LOADER = "";
				FRAMEWORK_SEARCH_PATHS = (
					"$(SDKROOT)/Developer/Library/Frameworks",
					"$(inherited)",
				);
				INFOPLIST_FILE = "MySQLTests/Supporting Files/Info.plist";
				LD_RUNPATH_SEARCH_PATHS = "$(inherited) @executable_path/Frameworks @loader_path/Frameworks";
				PRODUCT_NAME = OHMySQLTests;
				TEST_HOST = "$(BUILT_PRODUCTS_DIR)/MySQL.app/MySQL";
			};
			name = Release;
		};
/* End XCBuildConfiguration section */

/* Begin XCConfigurationList section */
		7CCC61C41B7B38BA003A468F /* Build configuration list for PBXProject "OHMySQL" */ = {
			isa = XCConfigurationList;
			buildConfigurations = (
				7CCC61EA1B7B38BA003A468F /* Debug */,
				7CCC61EB1B7B38BA003A468F /* Release */,
			);
			defaultConfigurationIsVisible = 0;
			defaultConfigurationName = Release;
		};
		7CCC61EC1B7B38BA003A468F /* Build configuration list for PBXNativeTarget "OHMySQL" */ = {
			isa = XCConfigurationList;
			buildConfigurations = (
				7CCC61ED1B7B38BA003A468F /* Debug */,
				7CCC61EE1B7B38BA003A468F /* Release */,
			);
			defaultConfigurationIsVisible = 0;
			defaultConfigurationName = Release;
		};
		7CCC61EF1B7B38BA003A468F /* Build configuration list for PBXNativeTarget "OHMySQLTests" */ = {
			isa = XCConfigurationList;
			buildConfigurations = (
				7CCC61F01B7B38BA003A468F /* Debug */,
				7CCC61F11B7B38BA003A468F /* Release */,
			);
			defaultConfigurationIsVisible = 0;
			defaultConfigurationName = Release;
		};
/* End XCConfigurationList section */
	};
	rootObject = 7CCC61C11B7B38BA003A468F /* Project object */;
}
