// !$*UTF8*$!
{
	archiveVersion = 1;
	classes = {
	};
	objectVersion = 46;
	objects = {

/* Begin PBXBuildFile section */
		92832C621E8EB7E900A72833 /* main.m in Sources */ = {isa = PBXBuildFile; fileRef = 92832C611E8EB7E900A72833 /* main.m */; };
		92832C651E8EB7E900A72833 /* AppDelegate.m in Sources */ = {isa = PBXBuildFile; fileRef = 92832C641E8EB7E900A72833 /* AppDelegate.m */; };
		92832C681E8EB7E900A72833 /* ViewController.m in Sources */ = {isa = PBXBuildFile; fileRef = 92832C671E8EB7E900A72833 /* ViewController.m */; };
		92832C6B1E8EB7E900A72833 /* Main.storyboard in Resources */ = {isa = PBXBuildFile; fileRef = 92832C691E8EB7E900A72833 /* Main.storyboard */; };
		92832C6D1E8EB7E900A72833 /* Assets.xcassets in Resources */ = {isa = PBXBuildFile; fileRef = 92832C6C1E8EB7E900A72833 /* Assets.xcassets */; };
		92832C701E8EB7E900A72833 /* LaunchScreen.storyboard in Resources */ = {isa = PBXBuildFile; fileRef = 92832C6E1E8EB7E900A72833 /* LaunchScreen.storyboard */; };
		92832C7B1E8EB7EA00A72833 /* OHMySQL_SampleTests.m in Sources */ = {isa = PBXBuildFile; fileRef = 92832C7A1E8EB7EA00A72833 /* OHMySQL_SampleTests.m */; };
		92832CCE1E8EBD6E00A72833 /* libc++.tbd in Frameworks */ = {isa = PBXBuildFile; fileRef = 92832CCD1E8EBD6E00A72833 /* libc++.tbd */; };
		DEDC68A5A801B3D39D9FFDE8 /* libPods-OHMySQL-Sample.a in Frameworks */ = {isa = PBXBuildFile; fileRef = D7A224D100E2B75747A630F7 /* libPods-OHMySQL-Sample.a */; };
/* End PBXBuildFile section */

/* Begin PBXContainerItemProxy section */
		92832C771E8EB7EA00A72833 /* PBXContainerItemProxy */ = {
			isa = PBXContainerItemProxy;
			containerPortal = 92832C551E8EB7E900A72833 /* Project object */;
			proxyType = 1;
			remoteGlobalIDString = 92832C5C1E8EB7E900A72833;
			remoteInfo = "OHMySQL-Sample";
		};
/* End PBXContainerItemProxy section */

/* Begin PBXFileReference section */
		49ADEAD7C2BAEF30EFF64F8C /* Pods-OHMySQL-Sample.release.xcconfig */ = {isa = PBXFileReference; includeInIndex = 1; lastKnownFileType = text.xcconfig; name = "Pods-OHMySQL-Sample.release.xcconfig"; path = "Pods/Target Support Files/Pods-OHMySQL-Sample/Pods-OHMySQL-Sample.release.xcconfig"; sourceTree = "<group>"; };
		92832C5D1E8EB7E900A72833 /* OHMySQL-Sample.app */ = {isa = PBXFileReference; explicitFileType = wrapper.application; includeInIndex = 0; path = "OHMySQL-Sample.app"; sourceTree = BUILT_PRODUCTS_DIR; };
		92832C611E8EB7E900A72833 /* main.m */ = {isa = PBXFileReference; lastKnownFileType = sourcecode.c.objc; path = main.m; sourceTree = "<group>"; };
		92832C631E8EB7E900A72833 /* AppDelegate.h */ = {isa = PBXFileReference; lastKnownFileType = sourcecode.c.h; path = AppDelegate.h; sourceTree = "<group>"; };
		92832C641E8EB7E900A72833 /* AppDelegate.m */ = {isa = PBXFileReference; lastKnownFileType = sourcecode.c.objc; path = AppDelegate.m; sourceTree = "<group>"; };
		92832C661E8EB7E900A72833 /* ViewController.h */ = {isa = PBXFileReference; lastKnownFileType = sourcecode.c.h; path = ViewController.h; sourceTree = "<group>"; };
		92832C671E8EB7E900A72833 /* ViewController.m */ = {isa = PBXFileReference; lastKnownFileType = sourcecode.c.objc; path = ViewController.m; sourceTree = "<group>"; };
		92832C6A1E8EB7E900A72833 /* Base */ = {isa = PBXFileReference; lastKnownFileType = file.storyboard; name = Base; path = Base.lproj/Main.storyboard; sourceTree = "<group>"; };
		92832C6C1E8EB7E900A72833 /* Assets.xcassets */ = {isa = PBXFileReference; lastKnownFileType = folder.assetcatalog; path = Assets.xcassets; sourceTree = "<group>"; };
		92832C6F1E8EB7E900A72833 /* Base */ = {isa = PBXFileReference; lastKnownFileType = file.storyboard; name = Base; path = Base.lproj/LaunchScreen.storyboard; sourceTree = "<group>"; };
		92832C711E8EB7E900A72833 /* Info.plist */ = {isa = PBXFileReference; lastKnownFileType = text.plist.xml; path = Info.plist; sourceTree = "<group>"; };
		92832C761E8EB7EA00A72833 /* OHMySQL-SampleTests.xctest */ = {isa = PBXFileReference; explicitFileType = wrapper.cfbundle; includeInIndex = 0; path = "OHMySQL-SampleTests.xctest"; sourceTree = BUILT_PRODUCTS_DIR; };
		92832C7A1E8EB7EA00A72833 /* OHMySQL_SampleTests.m */ = {isa = PBXFileReference; lastKnownFileType = sourcecode.c.objc; path = OHMySQL_SampleTests.m; sourceTree = "<group>"; };
		92832C7C1E8EB7EA00A72833 /* Info.plist */ = {isa = PBXFileReference; lastKnownFileType = text.plist.xml; path = Info.plist; sourceTree = "<group>"; };
		92832CCD1E8EBD6E00A72833 /* libc++.tbd */ = {isa = PBXFileReference; lastKnownFileType = "sourcecode.text-based-dylib-definition"; name = "libc++.tbd"; path = "usr/lib/libc++.tbd"; sourceTree = SDKROOT; };
		D7A224D100E2B75747A630F7 /* libPods-OHMySQL-Sample.a */ = {isa = PBXFileReference; explicitFileType = archive.ar; includeInIndex = 0; path = "libPods-OHMySQL-Sample.a"; sourceTree = BUILT_PRODUCTS_DIR; };
		F37323F21B486155C24A3E94 /* Pods-OHMySQL-Sample.debug.xcconfig */ = {isa = PBXFileReference; includeInIndex = 1; lastKnownFileType = text.xcconfig; name = "Pods-OHMySQL-Sample.debug.xcconfig"; path = "Pods/Target Support Files/Pods-OHMySQL-Sample/Pods-OHMySQL-Sample.debug.xcconfig"; sourceTree = "<group>"; };
/* End PBXFileReference section */

/* Begin PBXFrameworksBuildPhase section */
		92832C5A1E8EB7E900A72833 /* Frameworks */ = {
			isa = PBXFrameworksBuildPhase;
			buildActionMask = 2147483647;
			files = (
				92832CCE1E8EBD6E00A72833 /* libc++.tbd in Frameworks */,
				DEDC68A5A801B3D39D9FFDE8 /* libPods-OHMySQL-Sample.a in Frameworks */,
			);
			runOnlyForDeploymentPostprocessing = 0;
		};
		92832C731E8EB7EA00A72833 /* Frameworks */ = {
			isa = PBXFrameworksBuildPhase;
			buildActionMask = 2147483647;
			files = (
			);
			runOnlyForDeploymentPostprocessing = 0;
		};
/* End PBXFrameworksBuildPhase section */

/* Begin PBXGroup section */
		5BF43131478CC1690CF4CD84 /* Pods */ = {
			isa = PBXGroup;
			children = (
				F37323F21B486155C24A3E94 /* Pods-OHMySQL-Sample.debug.xcconfig */,
				49ADEAD7C2BAEF30EFF64F8C /* Pods-OHMySQL-Sample.release.xcconfig */,
			);
			name = Pods;
			sourceTree = "<group>";
		};
		92832C541E8EB7E900A72833 = {
			isa = PBXGroup;
			children = (
				92832C5F1E8EB7E900A72833 /* OHMySQL-Sample */,
				92832C791E8EB7EA00A72833 /* OHMySQL-SampleTests */,
				92832C5E1E8EB7E900A72833 /* Products */,
				5BF43131478CC1690CF4CD84 /* Pods */,
				C75271D8F82E61CCB2E66D4B /* Frameworks */,
			);
			sourceTree = "<group>";
		};
		92832C5E1E8EB7E900A72833 /* Products */ = {
			isa = PBXGroup;
			children = (
				92832C5D1E8EB7E900A72833 /* OHMySQL-Sample.app */,
				92832C761E8EB7EA00A72833 /* OHMySQL-SampleTests.xctest */,
			);
			name = Products;
			sourceTree = "<group>";
		};
		92832C5F1E8EB7E900A72833 /* OHMySQL-Sample */ = {
			isa = PBXGroup;
			children = (
				92832C631E8EB7E900A72833 /* AppDelegate.h */,
				92832C641E8EB7E900A72833 /* AppDelegate.m */,
				92832C661E8EB7E900A72833 /* ViewController.h */,
				92832C671E8EB7E900A72833 /* ViewController.m */,
				92832C691E8EB7E900A72833 /* Main.storyboard */,
				92832C6C1E8EB7E900A72833 /* Assets.xcassets */,
				92832C6E1E8EB7E900A72833 /* LaunchScreen.storyboard */,
				92832C711E8EB7E900A72833 /* Info.plist */,
				92832C601E8EB7E900A72833 /* Supporting Files */,
			);
			path = "OHMySQL-Sample";
			sourceTree = "<group>";
		};
		92832C601E8EB7E900A72833 /* Supporting Files */ = {
			isa = PBXGroup;
			children = (
				92832C611E8EB7E900A72833 /* main.m */,
			);
			name = "Supporting Files";
			sourceTree = "<group>";
		};
		92832C791E8EB7EA00A72833 /* OHMySQL-SampleTests */ = {
			isa = PBXGroup;
			children = (
				92832C7A1E8EB7EA00A72833 /* OHMySQL_SampleTests.m */,
				92832C7C1E8EB7EA00A72833 /* Info.plist */,
			);
			path = "OHMySQL-SampleTests";
			sourceTree = "<group>";
		};
		C75271D8F82E61CCB2E66D4B /* Frameworks */ = {
			isa = PBXGroup;
			children = (
				92832CCD1E8EBD6E00A72833 /* libc++.tbd */,
				D7A224D100E2B75747A630F7 /* libPods-OHMySQL-Sample.a */,
			);
			name = Frameworks;
			sourceTree = "<group>";
		};
/* End PBXGroup section */

/* Begin PBXNativeTarget section */
		92832C5C1E8EB7E900A72833 /* OHMySQL-Sample */ = {
			isa = PBXNativeTarget;
			buildConfigurationList = 92832C7F1E8EB7EA00A72833 /* Build configuration list for PBXNativeTarget "OHMySQL-Sample" */;
			buildPhases = (
				79F37BCFC0CEAE794DACB4F6 /* [CP] Check Pods Manifest.lock */,
				92832C591E8EB7E900A72833 /* Sources */,
				92832C5A1E8EB7E900A72833 /* Frameworks */,
				92832C5B1E8EB7E900A72833 /* Resources */,
				7DB44DD64290E5DC5AF2FC36 /* [CP] Embed Pods Frameworks */,
				695965C71BFC5D2E0AD6AB10 /* [CP] Copy Pods Resources */,
			);
			buildRules = (
			);
			dependencies = (
			);
			name = "OHMySQL-Sample";
			productName = "OHMySQL-Sample";
			productReference = 92832C5D1E8EB7E900A72833 /* OHMySQL-Sample.app */;
			productType = "com.apple.product-type.application";
		};
		92832C751E8EB7EA00A72833 /* OHMySQL-SampleTests */ = {
			isa = PBXNativeTarget;
			buildConfigurationList = 92832C821E8EB7EA00A72833 /* Build configuration list for PBXNativeTarget "OHMySQL-SampleTests" */;
			buildPhases = (
				92832C721E8EB7EA00A72833 /* Sources */,
				92832C731E8EB7EA00A72833 /* Frameworks */,
				92832C741E8EB7EA00A72833 /* Resources */,
			);
			buildRules = (
			);
			dependencies = (
				92832C781E8EB7EA00A72833 /* PBXTargetDependency */,
			);
			name = "OHMySQL-SampleTests";
			productName = "OHMySQL-SampleTests";
			productReference = 92832C761E8EB7EA00A72833 /* OHMySQL-SampleTests.xctest */;
			productType = "com.apple.product-type.bundle.unit-test";
		};
/* End PBXNativeTarget section */

/* Begin PBXProject section */
		92832C551E8EB7E900A72833 /* Project object */ = {
			isa = PBXProject;
			attributes = {
				LastUpgradeCheck = 0830;
				ORGANIZATIONNAME = "Oleg Gnidets";
				TargetAttributes = {
					92832C5C1E8EB7E900A72833 = {
						CreatedOnToolsVersion = 8.3;
						DevelopmentTeam = 4LZBFVML4B;
						ProvisioningStyle = Automatic;
					};
					92832C751E8EB7EA00A72833 = {
						CreatedOnToolsVersion = 8.3;
						DevelopmentTeam = 4LZBFVML4B;
						ProvisioningStyle = Automatic;
						TestTargetID = 92832C5C1E8EB7E900A72833;
					};
				};
			};
			buildConfigurationList = 92832C581E8EB7E900A72833 /* Build configuration list for PBXProject "OHMySQL-Sample" */;
			compatibilityVersion = "Xcode 3.2";
			developmentRegion = English;
			hasScannedForEncodings = 0;
			knownRegions = (
				en,
				Base,
			);
			mainGroup = 92832C541E8EB7E900A72833;
			productRefGroup = 92832C5E1E8EB7E900A72833 /* Products */;
			projectDirPath = "";
			projectRoot = "";
			targets = (
				92832C5C1E8EB7E900A72833 /* OHMySQL-Sample */,
				92832C751E8EB7EA00A72833 /* OHMySQL-SampleTests */,
			);
		};
/* End PBXProject section */

/* Begin PBXResourcesBuildPhase section */
		92832C5B1E8EB7E900A72833 /* Resources */ = {
			isa = PBXResourcesBuildPhase;
			buildActionMask = 2147483647;
			files = (
				92832C701E8EB7E900A72833 /* LaunchScreen.storyboard in Resources */,
				92832C6D1E8EB7E900A72833 /* Assets.xcassets in Resources */,
				92832C6B1E8EB7E900A72833 /* Main.storyboard in Resources */,
			);
			runOnlyForDeploymentPostprocessing = 0;
		};
		92832C741E8EB7EA00A72833 /* Resources */ = {
			isa = PBXResourcesBuildPhase;
			buildActionMask = 2147483647;
			files = (
			);
			runOnlyForDeploymentPostprocessing = 0;
		};
/* End PBXResourcesBuildPhase section */

/* Begin PBXShellScriptBuildPhase section */
		695965C71BFC5D2E0AD6AB10 /* [CP] Copy Pods Resources */ = {
			isa = PBXShellScriptBuildPhase;
			buildActionMask = 2147483647;
			files = (
			);
			inputPaths = (
			);
			name = "[CP] Copy Pods Resources";
			outputPaths = (
			);
			runOnlyForDeploymentPostprocessing = 0;
			shellPath = /bin/sh;
			shellScript = "\"${SRCROOT}/Pods/Target Support Files/Pods-OHMySQL-Sample/Pods-OHMySQL-Sample-resources.sh\"\n";
			showEnvVarsInLog = 0;
		};
		79F37BCFC0CEAE794DACB4F6 /* [CP] Check Pods Manifest.lock */ = {
			isa = PBXShellScriptBuildPhase;
			buildActionMask = 2147483647;
			files = (
			);
			inputPaths = (
			);
			name = "[CP] Check Pods Manifest.lock";
			outputPaths = (
			);
			runOnlyForDeploymentPostprocessing = 0;
			shellPath = /bin/sh;
			shellScript = "diff \"${PODS_ROOT}/../Podfile.lock\" \"${PODS_ROOT}/Manifest.lock\" > /dev/null\nif [ $? != 0 ] ; then\n    # print error to STDERR\n    echo \"error: The sandbox is not in sync with the Podfile.lock. Run 'pod install' or update your CocoaPods installation.\" >&2\n    exit 1\nfi\n";
			showEnvVarsInLog = 0;
		};
		7DB44DD64290E5DC5AF2FC36 /* [CP] Embed Pods Frameworks */ = {
			isa = PBXShellScriptBuildPhase;
			buildActionMask = 2147483647;
			files = (
			);
			inputPaths = (
			);
			name = "[CP] Embed Pods Frameworks";
			outputPaths = (
			);
			runOnlyForDeploymentPostprocessing = 0;
			shellPath = /bin/sh;
			shellScript = "\"${SRCROOT}/Pods/Target Support Files/Pods-OHMySQL-Sample/Pods-OHMySQL-Sample-frameworks.sh\"\n";
			showEnvVarsInLog = 0;
		};
/* End PBXShellScriptBuildPhase section */

/* Begin PBXSourcesBuildPhase section */
		92832C591E8EB7E900A72833 /* Sources */ = {
			isa = PBXSourcesBuildPhase;
			buildActionMask = 2147483647;
			files = (
				92832C681E8EB7E900A72833 /* ViewController.m in Sources */,
				92832C651E8EB7E900A72833 /* AppDelegate.m in Sources */,
				92832C621E8EB7E900A72833 /* main.m in Sources */,
			);
			runOnlyForDeploymentPostprocessing = 0;
		};
		92832C721E8EB7EA00A72833 /* Sources */ = {
			isa = PBXSourcesBuildPhase;
			buildActionMask = 2147483647;
			files = (
				92832C7B1E8EB7EA00A72833 /* OHMySQL_SampleTests.m in Sources */,
			);
			runOnlyForDeploymentPostprocessing = 0;
		};
/* End PBXSourcesBuildPhase section */

/* Begin PBXTargetDependency section */
		92832C781E8EB7EA00A72833 /* PBXTargetDependency */ = {
			isa = PBXTargetDependency;
			target = 92832C5C1E8EB7E900A72833 /* OHMySQL-Sample */;
			targetProxy = 92832C771E8EB7EA00A72833 /* PBXContainerItemProxy */;
		};
/* End PBXTargetDependency section */

/* Begin PBXVariantGroup section */
		92832C691E8EB7E900A72833 /* Main.storyboard */ = {
			isa = PBXVariantGroup;
			children = (
				92832C6A1E8EB7E900A72833 /* Base */,
			);
			name = Main.storyboard;
			sourceTree = "<group>";
		};
		92832C6E1E8EB7E900A72833 /* LaunchScreen.storyboard */ = {
			isa = PBXVariantGroup;
			children = (
				92832C6F1E8EB7E900A72833 /* Base */,
			);
			name = LaunchScreen.storyboard;
			sourceTree = "<group>";
		};
/* End PBXVariantGroup section */

/* Begin XCBuildConfiguration section */
		92832C7D1E8EB7EA00A72833 /* Debug */ = {
			isa = XCBuildConfiguration;
			buildSettings = {
				ALWAYS_SEARCH_USER_PATHS = NO;
				CLANG_ANALYZER_NONNULL = YES;
				CLANG_ANALYZER_NUMBER_OBJECT_CONVERSION = YES_AGGRESSIVE;
				CLANG_CXX_LANGUAGE_STANDARD = "gnu++0x";
				CLANG_CXX_LIBRARY = "libc++";
				CLANG_ENABLE_MODULES = YES;
				CLANG_ENABLE_OBJC_ARC = YES;
				CLANG_WARN_BOOL_CONVERSION = YES;
				CLANG_WARN_CONSTANT_CONVERSION = YES;
				CLANG_WARN_DIRECT_OBJC_ISA_USAGE = YES_ERROR;
				CLANG_WARN_DOCUMENTATION_COMMENTS = YES;
				CLANG_WARN_EMPTY_BODY = YES;
				CLANG_WARN_ENUM_CONVERSION = YES;
				CLANG_WARN_INFINITE_RECURSION = YES;
				CLANG_WARN_INT_CONVERSION = YES;
				CLANG_WARN_OBJC_ROOT_CLASS = YES_ERROR;
				CLANG_WARN_SUSPICIOUS_MOVE = YES;
				CLANG_WARN_UNREACHABLE_CODE = YES;
				CLANG_WARN__DUPLICATE_METHOD_MATCH = YES;
				"CODE_SIGN_IDENTITY[sdk=iphoneos*]" = "iPhone Developer";
				COPY_PHASE_STRIP = NO;
				DEBUG_INFORMATION_FORMAT = dwarf;
				ENABLE_STRICT_OBJC_MSGSEND = YES;
				ENABLE_TESTABILITY = YES;
				GCC_C_LANGUAGE_STANDARD = gnu99;
				GCC_DYNAMIC_NO_PIC = NO;
				GCC_NO_COMMON_BLOCKS = YES;
				GCC_OPTIMIZATION_LEVEL = 0;
				GCC_PREPROCESSOR_DEFINITIONS = (
					"DEBUG=1",
					"$(inherited)",
				);
				GCC_WARN_64_TO_32_BIT_CONVERSION = YES;
				GCC_WARN_ABOUT_RETURN_TYPE = YES_ERROR;
				GCC_WARN_UNDECLARED_SELECTOR = YES;
				GCC_WARN_UNINITIALIZED_AUTOS = YES_AGGRESSIVE;
				GCC_WARN_UNUSED_FUNCTION = YES;
				GCC_WARN_UNUSED_VARIABLE = YES;
				IPHONEOS_DEPLOYMENT_TARGET = 10.3;
				MTL_ENABLE_DEBUG_INFO = YES;
				ONLY_ACTIVE_ARCH = YES;
				SDKROOT = iphoneos;
				TARGETED_DEVICE_FAMILY = "1,2";
			};
			name = Debug;
		};
		92832C7E1E8EB7EA00A72833 /* Release */ = {
			isa = XCBuildConfiguration;
			buildSettings = {
				ALWAYS_SEARCH_USER_PATHS = NO;
				CLANG_ANALYZER_NONNULL = YES;
				CLANG_ANALYZER_NUMBER_OBJECT_CONVERSION = YES_AGGRESSIVE;
				CLANG_CXX_LANGUAGE_STANDARD = "gnu++0x";
				CLANG_CXX_LIBRARY = "libc++";
				CLANG_ENABLE_MODULES = YES;
				CLANG_ENABLE_OBJC_ARC = YES;
				CLANG_WARN_BOOL_CONVERSION = YES;
				CLANG_WARN_CONSTANT_CONVERSION = YES;
				CLANG_WARN_DIRECT_OBJC_ISA_USAGE = YES_ERROR;
				CLANG_WARN_DOCUMENTATION_COMMENTS = YES;
				CLANG_WARN_EMPTY_BODY = YES;
				CLANG_WARN_ENUM_CONVERSION = YES;
				CLANG_WARN_INFINITE_RECURSION = YES;
				CLANG_WARN_INT_CONVERSION = YES;
				CLANG_WARN_OBJC_ROOT_CLASS = YES_ERROR;
				CLANG_WARN_SUSPICIOUS_MOVE = YES;
				CLANG_WARN_UNREACHABLE_CODE = YES;
				CLANG_WARN__DUPLICATE_METHOD_MATCH = YES;
				"CODE_SIGN_IDENTITY[sdk=iphoneos*]" = "iPhone Developer";
				COPY_PHASE_STRIP = NO;
				DEBUG_INFORMATION_FORMAT = "dwarf-with-dsym";
				ENABLE_NS_ASSERTIONS = NO;
				ENABLE_STRICT_OBJC_MSGSEND = YES;
				GCC_C_LANGUAGE_STANDARD = gnu99;
				GCC_NO_COMMON_BLOCKS = YES;
				GCC_WARN_64_TO_32_BIT_CONVERSION = YES;
				GCC_WARN_ABOUT_RETURN_TYPE = YES_ERROR;
				GCC_WARN_UNDECLARED_SELECTOR = YES;
				GCC_WARN_UNINITIALIZED_AUTOS = YES_AGGRESSIVE;
				GCC_WARN_UNUSED_FUNCTION = YES;
				GCC_WARN_UNUSED_VARIABLE = YES;
				IPHONEOS_DEPLOYMENT_TARGET = 10.3;
				MTL_ENABLE_DEBUG_INFO = NO;
				SDKROOT = iphoneos;
				TARGETED_DEVICE_FAMILY = "1,2";
				VALIDATE_PRODUCT = YES;
			};
			name = Release;
		};
		92832C801E8EB7EA00A72833 /* Debug */ = {
			isa = XCBuildConfiguration;
			baseConfigurationReference = F37323F21B486155C24A3E94 /* Pods-OHMySQL-Sample.debug.xcconfig */;
			buildSettings = {
				ASSETCATALOG_COMPILER_APPICON_NAME = AppIcon;
				DEVELOPMENT_TEAM = 4LZBFVML4B;
				INFOPLIST_FILE = "OHMySQL-Sample/Info.plist";
				LD_RUNPATH_SEARCH_PATHS = "$(inherited) @executable_path/Frameworks";
				OTHER_LDFLAGS = (
					"$(inherited)",
					"-ObjC",
				);
				PRODUCT_BUNDLE_IDENTIFIER = "com.oleg.OHMySQL-Sample";
				PRODUCT_NAME = "$(TARGET_NAME)";
			};
			name = Debug;
		};
		92832C811E8EB7EA00A72833 /* Release */ = {
			isa = XCBuildConfiguration;
			baseConfigurationReference = 49ADEAD7C2BAEF30EFF64F8C /* Pods-OHMySQL-Sample.release.xcconfig */;
			buildSettings = {
				ASSETCATALOG_COMPILER_APPICON_NAME = AppIcon;
				DEVELOPMENT_TEAM = 4LZBFVML4B;
				INFOPLIST_FILE = "OHMySQL-Sample/Info.plist";
				LD_RUNPATH_SEARCH_PATHS = "$(inherited) @executable_path/Frameworks";
				OTHER_LDFLAGS = (
					"$(inherited)",
					"-ObjC",
				);
				PRODUCT_BUNDLE_IDENTIFIER = "com.oleg.OHMySQL-Sample";
				PRODUCT_NAME = "$(TARGET_NAME)";
			};
			name = Release;
		};
		92832C831E8EB7EA00A72833 /* Debug */ = {
			isa = XCBuildConfiguration;
			buildSettings = {
				BUNDLE_LOADER = "$(TEST_HOST)";
				DEVELOPMENT_TEAM = 4LZBFVML4B;
				INFOPLIST_FILE = "OHMySQL-SampleTests/Info.plist";
				LD_RUNPATH_SEARCH_PATHS = "$(inherited) @executable_path/Frameworks @loader_path/Frameworks";
				PRODUCT_BUNDLE_IDENTIFIER = "com.oleg.OHMySQL-SampleTests";
				PRODUCT_NAME = "$(TARGET_NAME)";
				TEST_HOST = "$(BUILT_PRODUCTS_DIR)/OHMySQL-Sample.app/OHMySQL-Sample";
			};
			name = Debug;
		};
		92832C841E8EB7EA00A72833 /* Release */ = {
			isa = XCBuildConfiguration;
			buildSettings = {
				BUNDLE_LOADER = "$(TEST_HOST)";
				DEVELOPMENT_TEAM = 4LZBFVML4B;
				INFOPLIST_FILE = "OHMySQL-SampleTests/Info.plist";
				LD_RUNPATH_SEARCH_PATHS = "$(inherited) @executable_path/Frameworks @loader_path/Frameworks";
				PRODUCT_BUNDLE_IDENTIFIER = "com.oleg.OHMySQL-SampleTests";
				PRODUCT_NAME = "$(TARGET_NAME)";
				TEST_HOST = "$(BUILT_PRODUCTS_DIR)/OHMySQL-Sample.app/OHMySQL-Sample";
			};
			name = Release;
		};
/* End XCBuildConfiguration section */

/* Begin XCConfigurationList section */
		92832C581E8EB7E900A72833 /* Build configuration list for PBXProject "OHMySQL-Sample" */ = {
			isa = XCConfigurationList;
			buildConfigurations = (
				92832C7D1E8EB7EA00A72833 /* Debug */,
				92832C7E1E8EB7EA00A72833 /* Release */,
			);
			defaultConfigurationIsVisible = 0;
			defaultConfigurationName = Release;
		};
		92832C7F1E8EB7EA00A72833 /* Build configuration list for PBXNativeTarget "OHMySQL-Sample" */ = {
			isa = XCConfigurationList;
			buildConfigurations = (
				92832C801E8EB7EA00A72833 /* Debug */,
				92832C811E8EB7EA00A72833 /* Release */,
			);
			defaultConfigurationIsVisible = 0;
			defaultConfigurationName = Release;
		};
		92832C821E8EB7EA00A72833 /* Build configuration list for PBXNativeTarget "OHMySQL-SampleTests" */ = {
			isa = XCConfigurationList;
			buildConfigurations = (
				92832C831E8EB7EA00A72833 /* Debug */,
				92832C841E8EB7EA00A72833 /* Release */,
			);
			defaultConfigurationIsVisible = 0;
			defaultConfigurationName = Release;
		};
/* End XCConfigurationList section */
	};
	rootObject = 92832C551E8EB7E900A72833 /* Project object */;
}
