// !$*UTF8*$!
{
	archiveVersion = 1;
	classes = {
	};
	objectVersion = 46;
	objects = {

/* Begin PBXBuildFile section */
		6B08F6716959249F3CF44454 /* Pods_OHMySQL.framework in Frameworks */ = {isa = PBXBuildFile; fileRef = 6C4D1C043D6B84F151B3C023 /* Pods_OHMySQL.framework */; };
		7C0D87B31D6597A700B7AA12 /* OHThreadingTests.m in Sources */ = {isa = PBXBuildFile; fileRef = 7C0D87B21D6597A700B7AA12 /* OHThreadingTests.m */; };
		7C1138051D2162FD001086E8 /* OHTasksFacade.m in Sources */ = {isa = PBXBuildFile; fileRef = 7C1138041D2162FD001086E8 /* OHTasksFacade.m */; };
		7C1138081D23D9EA001086E8 /* OHEditViewController.m in Sources */ = {isa = PBXBuildFile; fileRef = 7C1138071D23D9EA001086E8 /* OHEditViewController.m */; };
		7C5F9BFB1E91240000611994 /* AppDelegate.m in Sources */ = {isa = PBXBuildFile; fileRef = 7C5F9BFA1E91240000611994 /* AppDelegate.m */; };
		7C6A95851C0084D60083798B /* OHTaskTableViewCell.m in Sources */ = {isa = PBXBuildFile; fileRef = 7C6A95841C0084D60083798B /* OHTaskTableViewCell.m */; };
		7C6A95B71C0087A00083798B /* OHDemoModel.xcdatamodeld in Sources */ = {isa = PBXBuildFile; fileRef = 7C6A95B51C0087A00083798B /* OHDemoModel.xcdatamodeld */; };
		7C91ACBA2020FD8F00BED2AC /* OHSettingsViewController.m in Sources */ = {isa = PBXBuildFile; fileRef = 7C91ACB92020FD8F00BED2AC /* OHSettingsViewController.m */; };
		7C94453A1F9BB229007DE1D5 /* OHSelectTests.m in Sources */ = {isa = PBXBuildFile; fileRef = 7C9445391F9BB229007DE1D5 /* OHSelectTests.m */; };
		7CBAB5C91E47910800A978F0 /* OHNullTests.m in Sources */ = {isa = PBXBuildFile; fileRef = 7CBAB5C81E47910800A978F0 /* OHNullTests.m */; };
		7CBAB5CC1E47A18000A978F0 /* XCTestCase+INSERT.m in Sources */ = {isa = PBXBuildFile; fileRef = 7CBAB5CB1E47A18000A978F0 /* XCTestCase+INSERT.m */; };
		7CBB08CD1D18249000B92CA9 /* OHTask+CoreDataProperties.m in Sources */ = {isa = PBXBuildFile; fileRef = 7CBB08CA1D18249000B92CA9 /* OHTask+CoreDataProperties.m */; };
		7CBB08CE1D18249000B92CA9 /* OHTask.m in Sources */ = {isa = PBXBuildFile; fileRef = 7CBB08CC1D18249000B92CA9 /* OHTask.m */; };
		7CBFDA2C1D61FC0A00F4C828 /* OHTestPerson.m in Sources */ = {isa = PBXBuildFile; fileRef = 7CBFDA2B1D61FC0A00F4C828 /* OHTestPerson.m */; };
		7CBFDA321D61FDC600F4C828 /* XCTestCase+Database_Basic.m in Sources */ = {isa = PBXBuildFile; fileRef = 7CBFDA311D61FDC600F4C828 /* XCTestCase+Database_Basic.m */; };
		7CBFDA351D62019C00F4C828 /* OHObjectTests.m in Sources */ = {isa = PBXBuildFile; fileRef = 7CBFDA341D62019C00F4C828 /* OHObjectTests.m */; };
		7CCC61F91B7B5661003A468F /* Foundation.framework in Frameworks */ = {isa = PBXBuildFile; fileRef = 7CCC61F81B7B5661003A468F /* Foundation.framework */; settings = {ATTRIBUTES = (Required, ); }; };
		7CE55D261BB95887004A2FF9 /* OHAppDelegateTest.m in Sources */ = {isa = PBXBuildFile; fileRef = 7CE55D221BB95887004A2FF9 /* OHAppDelegateTest.m */; };
		7CE55D471BB95928004A2FF9 /* OHListViewController.m in Sources */ = {isa = PBXBuildFile; fileRef = 7CE55D461BB95928004A2FF9 /* OHListViewController.m */; };
		7CE55D4A1BB95930004A2FF9 /* Main.storyboard in Resources */ = {isa = PBXBuildFile; fileRef = 7CE55D481BB95930004A2FF9 /* Main.storyboard */; };
		7CE55E0C1BB95A48004A2FF9 /* LaunchScreen.xib in Resources */ = {isa = PBXBuildFile; fileRef = 7CE55E061BB95A48004A2FF9 /* LaunchScreen.xib */; };
		7CE55E0D1BB95A48004A2FF9 /* Images.xcassets in Resources */ = {isa = PBXBuildFile; fileRef = 7CE55E081BB95A48004A2FF9 /* Images.xcassets */; };
		7CE55E0F1BB95A48004A2FF9 /* main.m in Sources */ = {isa = PBXBuildFile; fileRef = 7CE55E0A1BB95A48004A2FF9 /* main.m */; };
		7CE55E231BB95BD6004A2FF9 /* OHMySQLTests.m in Sources */ = {isa = PBXBuildFile; fileRef = 7CE55E221BB95BD6004A2FF9 /* OHMySQLTests.m */; };
		92538D641E5D863100FCE133 /* OHEscapeTests.m in Sources */ = {isa = PBXBuildFile; fileRef = 92538D631E5D863000FCE133 /* OHEscapeTests.m */; };
		BDE0004A460CBFFF79965A51 /* Pods_OHMySQLTests.framework in Frameworks */ = {isa = PBXBuildFile; fileRef = EACD05A4C84651C48D01CC55 /* Pods_OHMySQLTests.framework */; };
/* End PBXBuildFile section */

/* Begin PBXContainerItemProxy section */
		7CE55E1D1BB95B77004A2FF9 /* PBXContainerItemProxy */ = {
			isa = PBXContainerItemProxy;
			containerPortal = 7CCC61C11B7B38BA003A468F /* Project object */;
			proxyType = 1;
			remoteGlobalIDString = 7CCC61C81B7B38BA003A468F;
			remoteInfo = OHMySQL;
		};
/* End PBXContainerItemProxy section */

/* Begin PBXFileReference section */
		155CDD14CFF0D5433326EBBC /* Pods-OHMySQLTests.release.xcconfig */ = {isa = PBXFileReference; includeInIndex = 1; lastKnownFileType = text.xcconfig; name = "Pods-OHMySQLTests.release.xcconfig"; path = "Pods/Target Support Files/Pods-OHMySQLTests/Pods-OHMySQLTests.release.xcconfig"; sourceTree = "<group>"; };
		6C4D1C043D6B84F151B3C023 /* Pods_OHMySQL.framework */ = {isa = PBXFileReference; explicitFileType = wrapper.framework; includeInIndex = 0; path = Pods_OHMySQL.framework; sourceTree = BUILT_PRODUCTS_DIR; };
		7C0D87B21D6597A700B7AA12 /* OHThreadingTests.m */ = {isa = PBXFileReference; fileEncoding = 4; lastKnownFileType = sourcecode.c.objc; path = OHThreadingTests.m; sourceTree = "<group>"; };
		7C1138031D2162FD001086E8 /* OHTasksFacade.h */ = {isa = PBXFileReference; fileEncoding = 4; lastKnownFileType = sourcecode.c.h; path = OHTasksFacade.h; sourceTree = "<group>"; };
		7C1138041D2162FD001086E8 /* OHTasksFacade.m */ = {isa = PBXFileReference; fileEncoding = 4; lastKnownFileType = sourcecode.c.objc; path = OHTasksFacade.m; sourceTree = "<group>"; };
		7C1138061D23D9EA001086E8 /* OHEditViewController.h */ = {isa = PBXFileReference; fileEncoding = 4; lastKnownFileType = sourcecode.c.h; path = OHEditViewController.h; sourceTree = "<group>"; };
		7C1138071D23D9EA001086E8 /* OHEditViewController.m */ = {isa = PBXFileReference; fileEncoding = 4; lastKnownFileType = sourcecode.c.objc; path = OHEditViewController.m; sourceTree = "<group>"; };
		7C5F9BF91E91240000611994 /* AppDelegate.h */ = {isa = PBXFileReference; fileEncoding = 4; lastKnownFileType = sourcecode.c.h; path = AppDelegate.h; sourceTree = "<group>"; };
		7C5F9BFA1E91240000611994 /* AppDelegate.m */ = {isa = PBXFileReference; fileEncoding = 4; lastKnownFileType = sourcecode.c.objc; path = AppDelegate.m; sourceTree = "<group>"; };
		7C6A95831C0084D60083798B /* OHTaskTableViewCell.h */ = {isa = PBXFileReference; fileEncoding = 4; lastKnownFileType = sourcecode.c.h; path = OHTaskTableViewCell.h; sourceTree = "<group>"; };
		7C6A95841C0084D60083798B /* OHTaskTableViewCell.m */ = {isa = PBXFileReference; fileEncoding = 4; lastKnownFileType = sourcecode.c.objc; path = OHTaskTableViewCell.m; sourceTree = "<group>"; };
		7C6A95B61C0087A00083798B /* OHDemoModel.xcdatamodel */ = {isa = PBXFileReference; lastKnownFileType = wrapper.xcdatamodel; path = OHDemoModel.xcdatamodel; sourceTree = "<group>"; };
		7C91ACB82020FD8F00BED2AC /* OHSettingsViewController.h */ = {isa = PBXFileReference; lastKnownFileType = sourcecode.c.h; path = OHSettingsViewController.h; sourceTree = "<group>"; };
		7C91ACB92020FD8F00BED2AC /* OHSettingsViewController.m */ = {isa = PBXFileReference; lastKnownFileType = sourcecode.c.objc; path = OHSettingsViewController.m; sourceTree = "<group>"; };
		7C9445391F9BB229007DE1D5 /* OHSelectTests.m */ = {isa = PBXFileReference; fileEncoding = 4; lastKnownFileType = sourcecode.c.objc; path = OHSelectTests.m; sourceTree = "<group>"; };
		7CBAB5C81E47910800A978F0 /* OHNullTests.m */ = {isa = PBXFileReference; fileEncoding = 4; lastKnownFileType = sourcecode.c.objc; path = OHNullTests.m; sourceTree = "<group>"; };
		7CBAB5CA1E47A18000A978F0 /* XCTestCase+INSERT.h */ = {isa = PBXFileReference; fileEncoding = 4; lastKnownFileType = sourcecode.c.h; path = "XCTestCase+INSERT.h"; sourceTree = "<group>"; };
		7CBAB5CB1E47A18000A978F0 /* XCTestCase+INSERT.m */ = {isa = PBXFileReference; fileEncoding = 4; lastKnownFileType = sourcecode.c.objc; path = "XCTestCase+INSERT.m"; sourceTree = "<group>"; };
		7CBB08C91D18249000B92CA9 /* OHTask+CoreDataProperties.h */ = {isa = PBXFileReference; fileEncoding = 4; lastKnownFileType = sourcecode.c.h; path = "OHTask+CoreDataProperties.h"; sourceTree = "<group>"; };
		7CBB08CA1D18249000B92CA9 /* OHTask+CoreDataProperties.m */ = {isa = PBXFileReference; fileEncoding = 4; lastKnownFileType = sourcecode.c.objc; path = "OHTask+CoreDataProperties.m"; sourceTree = "<group>"; };
		7CBB08CB1D18249000B92CA9 /* OHTask.h */ = {isa = PBXFileReference; fileEncoding = 4; lastKnownFileType = sourcecode.c.h; path = OHTask.h; sourceTree = "<group>"; };
		7CBB08CC1D18249000B92CA9 /* OHTask.m */ = {isa = PBXFileReference; fileEncoding = 4; lastKnownFileType = sourcecode.c.objc; path = OHTask.m; sourceTree = "<group>"; };
		7CBFDA2A1D61FC0A00F4C828 /* OHTestPerson.h */ = {isa = PBXFileReference; fileEncoding = 4; lastKnownFileType = sourcecode.c.h; path = OHTestPerson.h; sourceTree = "<group>"; };
		7CBFDA2B1D61FC0A00F4C828 /* OHTestPerson.m */ = {isa = PBXFileReference; fileEncoding = 4; lastKnownFileType = sourcecode.c.objc; path = OHTestPerson.m; sourceTree = "<group>"; };
		7CBFDA301D61FDC600F4C828 /* XCTestCase+Database_Basic.h */ = {isa = PBXFileReference; fileEncoding = 4; lastKnownFileType = sourcecode.c.h; path = "XCTestCase+Database_Basic.h"; sourceTree = "<group>"; };
		7CBFDA311D61FDC600F4C828 /* XCTestCase+Database_Basic.m */ = {isa = PBXFileReference; fileEncoding = 4; lastKnownFileType = sourcecode.c.objc; path = "XCTestCase+Database_Basic.m"; sourceTree = "<group>"; };
		7CBFDA341D62019C00F4C828 /* OHObjectTests.m */ = {isa = PBXFileReference; fileEncoding = 4; lastKnownFileType = sourcecode.c.objc; path = OHObjectTests.m; sourceTree = "<group>"; };
		7CCC61C91B7B38BA003A468F /* OHMySQL.app */ = {isa = PBXFileReference; explicitFileType = wrapper.application; includeInIndex = 0; path = OHMySQL.app; sourceTree = BUILT_PRODUCTS_DIR; };
		7CCC61F81B7B5661003A468F /* Foundation.framework */ = {isa = PBXFileReference; lastKnownFileType = wrapper.framework; name = Foundation.framework; path = System/Library/Frameworks/Foundation.framework; sourceTree = SDKROOT; };
		7CCC61FA1B7B566A003A468F /* CoreFoundation.framework */ = {isa = PBXFileReference; lastKnownFileType = wrapper.framework; name = CoreFoundation.framework; path = System/Library/Frameworks/CoreFoundation.framework; sourceTree = SDKROOT; };
		7CE55D211BB95887004A2FF9 /* OHAppDelegateTest.h */ = {isa = PBXFileReference; fileEncoding = 4; lastKnownFileType = sourcecode.c.h; path = OHAppDelegateTest.h; sourceTree = "<group>"; };
		7CE55D221BB95887004A2FF9 /* OHAppDelegateTest.m */ = {isa = PBXFileReference; fileEncoding = 4; lastKnownFileType = sourcecode.c.objc; path = OHAppDelegateTest.m; sourceTree = "<group>"; };
		7CE55D451BB95928004A2FF9 /* OHListViewController.h */ = {isa = PBXFileReference; fileEncoding = 4; lastKnownFileType = sourcecode.c.h; path = OHListViewController.h; sourceTree = "<group>"; };
		7CE55D461BB95928004A2FF9 /* OHListViewController.m */ = {isa = PBXFileReference; fileEncoding = 4; lastKnownFileType = sourcecode.c.objc; path = OHListViewController.m; sourceTree = "<group>"; };
		7CE55D491BB95930004A2FF9 /* Base */ = {isa = PBXFileReference; lastKnownFileType = file.storyboard; name = Base; path = Base.lproj/Main.storyboard; sourceTree = "<group>"; };
		7CE55E071BB95A48004A2FF9 /* Base */ = {isa = PBXFileReference; lastKnownFileType = file.xib; name = Base; path = Base.lproj/LaunchScreen.xib; sourceTree = "<group>"; };
		7CE55E081BB95A48004A2FF9 /* Images.xcassets */ = {isa = PBXFileReference; lastKnownFileType = folder.assetcatalog; path = Images.xcassets; sourceTree = "<group>"; };
		7CE55E091BB95A48004A2FF9 /* Info-Sample.plist */ = {isa = PBXFileReference; fileEncoding = 4; lastKnownFileType = text.plist.xml; path = "Info-Sample.plist"; sourceTree = "<group>"; };
		7CE55E0A1BB95A48004A2FF9 /* main.m */ = {isa = PBXFileReference; fileEncoding = 4; lastKnownFileType = sourcecode.c.objc; path = main.m; sourceTree = "<group>"; };
		7CE55E181BB95B77004A2FF9 /* OHMySQLTests.xctest */ = {isa = PBXFileReference; explicitFileType = wrapper.cfbundle; includeInIndex = 0; path = OHMySQLTests.xctest; sourceTree = BUILT_PRODUCTS_DIR; };
		7CE55E1C1BB95B77004A2FF9 /* Info.plist */ = {isa = PBXFileReference; lastKnownFileType = text.plist.xml; path = Info.plist; sourceTree = "<group>"; };
		7CE55E221BB95BD6004A2FF9 /* OHMySQLTests.m */ = {isa = PBXFileReference; fileEncoding = 4; lastKnownFileType = sourcecode.c.objc; path = OHMySQLTests.m; sourceTree = "<group>"; };
		92538D631E5D863000FCE133 /* OHEscapeTests.m */ = {isa = PBXFileReference; fileEncoding = 4; lastKnownFileType = sourcecode.c.objc; path = OHEscapeTests.m; sourceTree = "<group>"; };
		C4F43FE8C9F9591D60294582 /* Pods-OHMySQL.release.xcconfig */ = {isa = PBXFileReference; includeInIndex = 1; lastKnownFileType = text.xcconfig; name = "Pods-OHMySQL.release.xcconfig"; path = "Pods/Target Support Files/Pods-OHMySQL/Pods-OHMySQL.release.xcconfig"; sourceTree = "<group>"; };
		C8485DFA574A15018E32463F /* Pods-OHMySQLTests.debug.xcconfig */ = {isa = PBXFileReference; includeInIndex = 1; lastKnownFileType = text.xcconfig; name = "Pods-OHMySQLTests.debug.xcconfig"; path = "Pods/Target Support Files/Pods-OHMySQLTests/Pods-OHMySQLTests.debug.xcconfig"; sourceTree = "<group>"; };
		CA0099FBAAFE0580C985E4EA /* Pods-OHMySQL.debug.xcconfig */ = {isa = PBXFileReference; includeInIndex = 1; lastKnownFileType = text.xcconfig; name = "Pods-OHMySQL.debug.xcconfig"; path = "Pods/Target Support Files/Pods-OHMySQL/Pods-OHMySQL.debug.xcconfig"; sourceTree = "<group>"; };
		EACD05A4C84651C48D01CC55 /* Pods_OHMySQLTests.framework */ = {isa = PBXFileReference; explicitFileType = wrapper.framework; includeInIndex = 0; path = Pods_OHMySQLTests.framework; sourceTree = BUILT_PRODUCTS_DIR; };
/* End PBXFileReference section */

/* Begin PBXFrameworksBuildPhase section */
		7CCC61C61B7B38BA003A468F /* Frameworks */ = {
			isa = PBXFrameworksBuildPhase;
			buildActionMask = 2147483647;
			files = (
				7CCC61F91B7B5661003A468F /* Foundation.framework in Frameworks */,
				6B08F6716959249F3CF44454 /* Pods_OHMySQL.framework in Frameworks */,
			);
			runOnlyForDeploymentPostprocessing = 0;
		};
		7CE55E151BB95B77004A2FF9 /* Frameworks */ = {
			isa = PBXFrameworksBuildPhase;
			buildActionMask = 2147483647;
			files = (
				BDE0004A460CBFFF79965A51 /* Pods_OHMySQLTests.framework in Frameworks */,
			);
			runOnlyForDeploymentPostprocessing = 0;
		};
/* End PBXFrameworksBuildPhase section */

/* Begin PBXGroup section */
		7C5F9BF61E91239200611994 /* Data Layer */ = {
			isa = PBXGroup;
			children = (
				7CBB08C81D18249000B92CA9 /* Model */,
				7C1138031D2162FD001086E8 /* OHTasksFacade.h */,
				7C1138041D2162FD001086E8 /* OHTasksFacade.m */,
			);
			path = "Data Layer";
			sourceTree = "<group>";
		};
		7C5F9BF71E91239E00611994 /* Views */ = {
			isa = PBXGroup;
			children = (
				7C6A95831C0084D60083798B /* OHTaskTableViewCell.h */,
				7C6A95841C0084D60083798B /* OHTaskTableViewCell.m */,
			);
			path = Views;
			sourceTree = "<group>";
		};
		7C5F9BF81E9123A600611994 /* View Controllers */ = {
			isa = PBXGroup;
			children = (
				7C1138061D23D9EA001086E8 /* OHEditViewController.h */,
				7C1138071D23D9EA001086E8 /* OHEditViewController.m */,
				7CE55D451BB95928004A2FF9 /* OHListViewController.h */,
				7CE55D461BB95928004A2FF9 /* OHListViewController.m */,
				7C91ACB82020FD8F00BED2AC /* OHSettingsViewController.h */,
				7C91ACB92020FD8F00BED2AC /* OHSettingsViewController.m */,
			);
			path = "View Controllers";
			sourceTree = "<group>";
		};
		7CBAB5C61E478F4900A978F0 /* Helpers */ = {
			isa = PBXGroup;
			children = (
				7CBFDA301D61FDC600F4C828 /* XCTestCase+Database_Basic.h */,
				7CBFDA311D61FDC600F4C828 /* XCTestCase+Database_Basic.m */,
				7CBAB5CA1E47A18000A978F0 /* XCTestCase+INSERT.h */,
				7CBAB5CB1E47A18000A978F0 /* XCTestCase+INSERT.m */,
			);
			path = Helpers;
			sourceTree = "<group>";
		};
		7CBAB5C71E478F5200A978F0 /* Mocks */ = {
			isa = PBXGroup;
			children = (
				7CBFDA2A1D61FC0A00F4C828 /* OHTestPerson.h */,
				7CBFDA2B1D61FC0A00F4C828 /* OHTestPerson.m */,
			);
			path = Mocks;
			sourceTree = "<group>";
		};
		7CBB08C81D18249000B92CA9 /* Model */ = {
			isa = PBXGroup;
			children = (
				7CBB08C91D18249000B92CA9 /* OHTask+CoreDataProperties.h */,
				7CBB08CA1D18249000B92CA9 /* OHTask+CoreDataProperties.m */,
				7CBB08CB1D18249000B92CA9 /* OHTask.h */,
				7CBB08CC1D18249000B92CA9 /* OHTask.m */,
			);
			path = Model;
			sourceTree = "<group>";
		};
		7CCC61C01B7B38BA003A468F = {
			isa = PBXGroup;
			children = (
				FE42F509C0FD8A891F7BA875 /* Frameworks */,
				7CCC61CB1B7B38BA003A468F /* OHMySQLProject */,
				7CE55D201BB95887004A2FF9 /* OHMySQLTests */,
				9481FD4AF0BB3CCFFB913AF8 /* Pods */,
				7CCC61CA1B7B38BA003A468F /* Products */,
			);
			sourceTree = "<group>";
		};
		7CCC61CA1B7B38BA003A468F /* Products */ = {
			isa = PBXGroup;
			children = (
				7CCC61C91B7B38BA003A468F /* OHMySQL.app */,
				7CE55E181BB95B77004A2FF9 /* OHMySQLTests.xctest */,
			);
			name = Products;
			sourceTree = "<group>";
		};
		7CCC61CB1B7B38BA003A468F /* OHMySQLProject */ = {
			isa = PBXGroup;
			children = (
				7C5F9BF61E91239200611994 /* Data Layer */,
				7CE55E031BB95A48004A2FF9 /* Supporting Files */,
				7C5F9BF81E9123A600611994 /* View Controllers */,
				7C5F9BF71E91239E00611994 /* Views */,
				7C5F9BF91E91240000611994 /* AppDelegate.h */,
				7C5F9BFA1E91240000611994 /* AppDelegate.m */,
				7CE55D481BB95930004A2FF9 /* Main.storyboard */,
			);
			path = OHMySQLProject;
			sourceTree = "<group>";
		};
		7CE55D201BB95887004A2FF9 /* OHMySQLTests */ = {
			isa = PBXGroup;
			children = (
				7CBAB5C61E478F4900A978F0 /* Helpers */,
				7CBAB5C71E478F5200A978F0 /* Mocks */,
				7CE55E241BB95C13004A2FF9 /* Supporting Files */,
				92538D631E5D863000FCE133 /* OHEscapeTests.m */,
				7CE55E221BB95BD6004A2FF9 /* OHMySQLTests.m */,
				7C9445391F9BB229007DE1D5 /* OHSelectTests.m */,
				7CBAB5C81E47910800A978F0 /* OHNullTests.m */,
				7CBFDA341D62019C00F4C828 /* OHObjectTests.m */,
				7C0D87B21D6597A700B7AA12 /* OHThreadingTests.m */,
			);
			path = OHMySQLTests;
			sourceTree = "<group>";
		};
		7CE55E031BB95A48004A2FF9 /* Supporting Files */ = {
			isa = PBXGroup;
			children = (
				7CE55E081BB95A48004A2FF9 /* Images.xcassets */,
				7CE55E091BB95A48004A2FF9 /* Info-Sample.plist */,
				7CE55E061BB95A48004A2FF9 /* LaunchScreen.xib */,
				7C6A95B51C0087A00083798B /* OHDemoModel.xcdatamodeld */,
				7CE55E0A1BB95A48004A2FF9 /* main.m */,
			);
			path = "Supporting Files";
			sourceTree = "<group>";
		};
		7CE55E241BB95C13004A2FF9 /* Supporting Files */ = {
			isa = PBXGroup;
			children = (
				7CE55E1C1BB95B77004A2FF9 /* Info.plist */,
				7CE55D211BB95887004A2FF9 /* OHAppDelegateTest.h */,
				7CE55D221BB95887004A2FF9 /* OHAppDelegateTest.m */,
			);
			path = "Supporting Files";
			sourceTree = "<group>";
		};
		9481FD4AF0BB3CCFFB913AF8 /* Pods */ = {
			isa = PBXGroup;
			children = (
				CA0099FBAAFE0580C985E4EA /* Pods-OHMySQL.debug.xcconfig */,
				C4F43FE8C9F9591D60294582 /* Pods-OHMySQL.release.xcconfig */,
				C8485DFA574A15018E32463F /* Pods-OHMySQLTests.debug.xcconfig */,
				155CDD14CFF0D5433326EBBC /* Pods-OHMySQLTests.release.xcconfig */,
			);
			name = Pods;
			sourceTree = "<group>";
		};
		FE42F509C0FD8A891F7BA875 /* Frameworks */ = {
			isa = PBXGroup;
			children = (
				7CCC61FA1B7B566A003A468F /* CoreFoundation.framework */,
				7CCC61F81B7B5661003A468F /* Foundation.framework */,
				6C4D1C043D6B84F151B3C023 /* Pods_OHMySQL.framework */,
				EACD05A4C84651C48D01CC55 /* Pods_OHMySQLTests.framework */,
			);
			name = Frameworks;
			sourceTree = "<group>";
		};
/* End PBXGroup section */

/* Begin PBXNativeTarget section */
		7CCC61C81B7B38BA003A468F /* OHMySQL */ = {
			isa = PBXNativeTarget;
			buildConfigurationList = 7CCC61EC1B7B38BA003A468F /* Build configuration list for PBXNativeTarget "OHMySQL" */;
			buildPhases = (
				1A5AEA139B347FF8DBF1C536 /* [CP] Check Pods Manifest.lock */,
				7CCC61C51B7B38BA003A468F /* Sources */,
				7CCC61C61B7B38BA003A468F /* Frameworks */,
				7CCC61C71B7B38BA003A468F /* Resources */,
				4896715B9FBE1B2229E3B167 /* [CP] Embed Pods Frameworks */,
				2BBFC41B9D354985C50B6F2A /* [CP] Copy Pods Resources */,
			);
			buildRules = (
			);
			dependencies = (
			);
			name = OHMySQL;
			productName = MySQL;
			productReference = 7CCC61C91B7B38BA003A468F /* OHMySQL.app */;
			productType = "com.apple.product-type.application";
		};
		7CE55E171BB95B77004A2FF9 /* OHMySQLTests */ = {
			isa = PBXNativeTarget;
			buildConfigurationList = 7CE55E1F1BB95B77004A2FF9 /* Build configuration list for PBXNativeTarget "OHMySQLTests" */;
			buildPhases = (
				650D93E4A1E471EBB5B39687 /* [CP] Check Pods Manifest.lock */,
				7CE55E141BB95B77004A2FF9 /* Sources */,
				7CE55E151BB95B77004A2FF9 /* Frameworks */,
				7CE55E161BB95B77004A2FF9 /* Resources */,
				1B4E41E0CEF215DBFC5FB72C /* [CP] Embed Pods Frameworks */,
				E30D53782768E83DE1C4AD97 /* [CP] Copy Pods Resources */,
			);
			buildRules = (
			);
			dependencies = (
				7CE55E1E1BB95B77004A2FF9 /* PBXTargetDependency */,
			);
			name = OHMySQLTests;
			productName = OHMySQLTests;
			productReference = 7CE55E181BB95B77004A2FF9 /* OHMySQLTests.xctest */;
			productType = "com.apple.product-type.bundle.unit-test";
		};
/* End PBXNativeTarget section */

/* Begin PBXProject section */
		7CCC61C11B7B38BA003A468F /* Project object */ = {
			isa = PBXProject;
			attributes = {
				CLASSPREFIX = OH;
				LastUpgradeCheck = 0900;
				ORGANIZATIONNAME = "Oleg Hnidets";
				TargetAttributes = {
					7CCC61C81B7B38BA003A468F = {
						CreatedOnToolsVersion = 6.4;
						DevelopmentTeam = 4LZBFVML4B;
					};
					7CE55E171BB95B77004A2FF9 = {
						CreatedOnToolsVersion = 7.0;
						TestTargetID = 7CCC61C81B7B38BA003A468F;
					};
				};
			};
			buildConfigurationList = 7CCC61C41B7B38BA003A468F /* Build configuration list for PBXProject "OHMySQL" */;
			compatibilityVersion = "Xcode 3.2";
			developmentRegion = English;
			hasScannedForEncodings = 0;
			knownRegions = (
				en,
				Base,
			);
			mainGroup = 7CCC61C01B7B38BA003A468F;
			productRefGroup = 7CCC61CA1B7B38BA003A468F /* Products */;
			projectDirPath = "";
			projectRoot = "";
			targets = (
				7CCC61C81B7B38BA003A468F /* OHMySQL */,
				7CE55E171BB95B77004A2FF9 /* OHMySQLTests */,
			);
		};
/* End PBXProject section */

/* Begin PBXResourcesBuildPhase section */
		7CCC61C71B7B38BA003A468F /* Resources */ = {
			isa = PBXResourcesBuildPhase;
			buildActionMask = 2147483647;
			files = (
				7CE55D4A1BB95930004A2FF9 /* Main.storyboard in Resources */,
				7CE55E0D1BB95A48004A2FF9 /* Images.xcassets in Resources */,
				7CE55E0C1BB95A48004A2FF9 /* LaunchScreen.xib in Resources */,
			);
			runOnlyForDeploymentPostprocessing = 0;
		};
		7CE55E161BB95B77004A2FF9 /* Resources */ = {
			isa = PBXResourcesBuildPhase;
			buildActionMask = 2147483647;
			files = (
			);
			runOnlyForDeploymentPostprocessing = 0;
		};
/* End PBXResourcesBuildPhase section */

/* Begin PBXShellScriptBuildPhase section */
		1A5AEA139B347FF8DBF1C536 /* [CP] Check Pods Manifest.lock */ = {
			isa = PBXShellScriptBuildPhase;
			buildActionMask = 2147483647;
			files = (
			);
			inputPaths = (
				"${PODS_PODFILE_DIR_PATH}/Podfile.lock",
				"${PODS_ROOT}/Manifest.lock",
			);
			name = "[CP] Check Pods Manifest.lock";
			outputPaths = (
				"$(DERIVED_FILE_DIR)/Pods-OHMySQL-checkManifestLockResult.txt",
			);
			runOnlyForDeploymentPostprocessing = 0;
			shellPath = /bin/sh;
			shellScript = "diff \"${PODS_PODFILE_DIR_PATH}/Podfile.lock\" \"${PODS_ROOT}/Manifest.lock\" > /dev/null\nif [ $? != 0 ] ; then\n    # print error to STDERR\n    echo \"error: The sandbox is not in sync with the Podfile.lock. Run 'pod install' or update your CocoaPods installation.\" >&2\n    exit 1\nfi\n# This output is used by Xcode 'outputs' to avoid re-running this script phase.\necho \"SUCCESS\" > \"${SCRIPT_OUTPUT_FILE_0}\"\n";
			showEnvVarsInLog = 0;
		};
		1B4E41E0CEF215DBFC5FB72C /* [CP] Embed Pods Frameworks */ = {
			isa = PBXShellScriptBuildPhase;
			buildActionMask = 2147483647;
			files = (
			);
			inputPaths = (
				"${SRCROOT}/Pods/Target Support Files/Pods-OHMySQLTests/Pods-OHMySQLTests-frameworks.sh",
				"${BUILT_PRODUCTS_DIR}/OHMySQL/OHMySQL.framework",
			);
			name = "[CP] Embed Pods Frameworks";
			outputPaths = (
				"${TARGET_BUILD_DIR}/${FRAMEWORKS_FOLDER_PATH}/OHMySQL.framework",
			);
			runOnlyForDeploymentPostprocessing = 0;
			shellPath = /bin/sh;
			shellScript = "\"${SRCROOT}/Pods/Target Support Files/Pods-OHMySQLTests/Pods-OHMySQLTests-frameworks.sh\"\n";
			showEnvVarsInLog = 0;
		};
		2BBFC41B9D354985C50B6F2A /* [CP] Copy Pods Resources */ = {
			isa = PBXShellScriptBuildPhase;
			buildActionMask = 2147483647;
			files = (
			);
			inputPaths = (
			);
			name = "[CP] Copy Pods Resources";
			outputPaths = (
			);
			runOnlyForDeploymentPostprocessing = 0;
			shellPath = /bin/sh;
			shellScript = "\"${SRCROOT}/Pods/Target Support Files/Pods-OHMySQL/Pods-OHMySQL-resources.sh\"\n";
			showEnvVarsInLog = 0;
		};
		4896715B9FBE1B2229E3B167 /* [CP] Embed Pods Frameworks */ = {
			isa = PBXShellScriptBuildPhase;
			buildActionMask = 2147483647;
			files = (
			);
			inputPaths = (
				"${SRCROOT}/Pods/Target Support Files/Pods-OHMySQL/Pods-OHMySQL-frameworks.sh",
				"${BUILT_PRODUCTS_DIR}/OHMySQL/OHMySQL.framework",
			);
			name = "[CP] Embed Pods Frameworks";
			outputPaths = (
				"${TARGET_BUILD_DIR}/${FRAMEWORKS_FOLDER_PATH}/OHMySQL.framework",
			);
			runOnlyForDeploymentPostprocessing = 0;
			shellPath = /bin/sh;
			shellScript = "\"${SRCROOT}/Pods/Target Support Files/Pods-OHMySQL/Pods-OHMySQL-frameworks.sh\"\n";
			showEnvVarsInLog = 0;
		};
		650D93E4A1E471EBB5B39687 /* [CP] Check Pods Manifest.lock */ = {
			isa = PBXShellScriptBuildPhase;
			buildActionMask = 2147483647;
			files = (
			);
			inputPaths = (
				"${PODS_PODFILE_DIR_PATH}/Podfile.lock",
				"${PODS_ROOT}/Manifest.lock",
			);
			name = "[CP] Check Pods Manifest.lock";
			outputPaths = (
				"$(DERIVED_FILE_DIR)/Pods-OHMySQLTests-checkManifestLockResult.txt",
			);
			runOnlyForDeploymentPostprocessing = 0;
			shellPath = /bin/sh;
			shellScript = "diff \"${PODS_PODFILE_DIR_PATH}/Podfile.lock\" \"${PODS_ROOT}/Manifest.lock\" > /dev/null\nif [ $? != 0 ] ; then\n    # print error to STDERR\n    echo \"error: The sandbox is not in sync with the Podfile.lock. Run 'pod install' or update your CocoaPods installation.\" >&2\n    exit 1\nfi\n# This output is used by Xcode 'outputs' to avoid re-running this script phase.\necho \"SUCCESS\" > \"${SCRIPT_OUTPUT_FILE_0}\"\n";
			showEnvVarsInLog = 0;
		};
		E30D53782768E83DE1C4AD97 /* [CP] Copy Pods Resources */ = {
			isa = PBXShellScriptBuildPhase;
			buildActionMask = 2147483647;
			files = (
			);
			inputPaths = (
			);
			name = "[CP] Copy Pods Resources";
			outputPaths = (
			);
			runOnlyForDeploymentPostprocessing = 0;
			shellPath = /bin/sh;
			shellScript = "\"${SRCROOT}/Pods/Target Support Files/Pods-OHMySQLTests/Pods-OHMySQLTests-resources.sh\"\n";
			showEnvVarsInLog = 0;
		};
/* End PBXShellScriptBuildPhase section */

/* Begin PBXSourcesBuildPhase section */
		7CCC61C51B7B38BA003A468F /* Sources */ = {
			isa = PBXSourcesBuildPhase;
			buildActionMask = 2147483647;
			files = (
				7CBB08CE1D18249000B92CA9 /* OHTask.m in Sources */,
				7C91ACBA2020FD8F00BED2AC /* OHSettingsViewController.m in Sources */,
				7C6A95851C0084D60083798B /* OHTaskTableViewCell.m in Sources */,
				7CE55D261BB95887004A2FF9 /* OHAppDelegateTest.m in Sources */,
				7C1138081D23D9EA001086E8 /* OHEditViewController.m in Sources */,
				7C5F9BFB1E91240000611994 /* AppDelegate.m in Sources */,
				7CE55D471BB95928004A2FF9 /* OHListViewController.m in Sources */,
				7CE55E0F1BB95A48004A2FF9 /* main.m in Sources */,
				7C1138051D2162FD001086E8 /* OHTasksFacade.m in Sources */,
				7C6A95B71C0087A00083798B /* OHDemoModel.xcdatamodeld in Sources */,
				7CBB08CD1D18249000B92CA9 /* OHTask+CoreDataProperties.m in Sources */,
			);
			runOnlyForDeploymentPostprocessing = 0;
		};
		7CE55E141BB95B77004A2FF9 /* Sources */ = {
			isa = PBXSourcesBuildPhase;
			buildActionMask = 2147483647;
			files = (
				7CE55E231BB95BD6004A2FF9 /* OHMySQLTests.m in Sources */,
				7C94453A1F9BB229007DE1D5 /* OHSelectTests.m in Sources */,
				7CBAB5CC1E47A18000A978F0 /* XCTestCase+INSERT.m in Sources */,
				7CBAB5C91E47910800A978F0 /* OHNullTests.m in Sources */,
				7CBFDA321D61FDC600F4C828 /* XCTestCase+Database_Basic.m in Sources */,
				7CBFDA2C1D61FC0A00F4C828 /* OHTestPerson.m in Sources */,
				92538D641E5D863100FCE133 /* OHEscapeTests.m in Sources */,
				7C0D87B31D6597A700B7AA12 /* OHThreadingTests.m in Sources */,
				7CBFDA351D62019C00F4C828 /* OHObjectTests.m in Sources */,
			);
			runOnlyForDeploymentPostprocessing = 0;
		};
/* End PBXSourcesBuildPhase section */

/* Begin PBXTargetDependency section */
		7CE55E1E1BB95B77004A2FF9 /* PBXTargetDependency */ = {
			isa = PBXTargetDependency;
			target = 7CCC61C81B7B38BA003A468F /* OHMySQL */;
			targetProxy = 7CE55E1D1BB95B77004A2FF9 /* PBXContainerItemProxy */;
		};
/* End PBXTargetDependency section */

/* Begin PBXVariantGroup section */
		7CE55D481BB95930004A2FF9 /* Main.storyboard */ = {
			isa = PBXVariantGroup;
			children = (
				7CE55D491BB95930004A2FF9 /* Base */,
			);
			name = Main.storyboard;
			path = .;
			sourceTree = "<group>";
		};
		7CE55E061BB95A48004A2FF9 /* LaunchScreen.xib */ = {
			isa = PBXVariantGroup;
			children = (
				7CE55E071BB95A48004A2FF9 /* Base */,
			);
			name = LaunchScreen.xib;
			path = .;
			sourceTree = "<group>";
		};
/* End PBXVariantGroup section */

/* Begin XCBuildConfiguration section */
		7CCC61EA1B7B38BA003A468F /* Debug */ = {
			isa = XCBuildConfiguration;
			buildSettings = {
				ALWAYS_SEARCH_USER_PATHS = NO;
				CLANG_CXX_LANGUAGE_STANDARD = "gnu++0x";
				CLANG_CXX_LIBRARY = "libc++";
				CLANG_ENABLE_MODULES = YES;
				CLANG_ENABLE_OBJC_ARC = YES;
				CLANG_WARN_BLOCK_CAPTURE_AUTORELEASING = YES;
				CLANG_WARN_BOOL_CONVERSION = YES;
				CLANG_WARN_COMMA = YES;
				CLANG_WARN_CONSTANT_CONVERSION = YES;
				CLANG_WARN_DIRECT_OBJC_ISA_USAGE = YES_ERROR;
				CLANG_WARN_EMPTY_BODY = YES;
				CLANG_WARN_ENUM_CONVERSION = YES;
				CLANG_WARN_INFINITE_RECURSION = YES;
				CLANG_WARN_INT_CONVERSION = YES;
				CLANG_WARN_NON_LITERAL_NULL_CONVERSION = YES;
				CLANG_WARN_OBJC_LITERAL_CONVERSION = YES;
				CLANG_WARN_OBJC_ROOT_CLASS = YES_ERROR;
				CLANG_WARN_RANGE_LOOP_ANALYSIS = YES;
				CLANG_WARN_STRICT_PROTOTYPES = YES;
				CLANG_WARN_SUSPICIOUS_MOVE = YES;
				CLANG_WARN_UNREACHABLE_CODE = YES;
				CLANG_WARN__DUPLICATE_METHOD_MATCH = YES;
				"CODE_SIGN_IDENTITY[sdk=iphoneos*]" = "";
				COPY_PHASE_STRIP = NO;
				DEBUG_INFORMATION_FORMAT = "dwarf-with-dsym";
				ENABLE_STRICT_OBJC_MSGSEND = YES;
				ENABLE_TESTABILITY = YES;
				GCC_C_LANGUAGE_STANDARD = gnu99;
				GCC_DYNAMIC_NO_PIC = NO;
				GCC_NO_COMMON_BLOCKS = YES;
				GCC_OPTIMIZATION_LEVEL = 0;
				GCC_PREPROCESSOR_DEFINITIONS = (
					"DEBUG=1",
					"$(inherited)",
				);
				GCC_SYMBOLS_PRIVATE_EXTERN = NO;
				GCC_WARN_64_TO_32_BIT_CONVERSION = YES;
				GCC_WARN_ABOUT_RETURN_TYPE = YES_ERROR;
				GCC_WARN_UNDECLARED_SELECTOR = YES;
				GCC_WARN_UNINITIALIZED_AUTOS = YES_AGGRESSIVE;
				GCC_WARN_UNUSED_FUNCTION = YES;
				GCC_WARN_UNUSED_PARAMETER = YES;
				GCC_WARN_UNUSED_VARIABLE = YES;
				IPHONEOS_DEPLOYMENT_TARGET = 9.0;
				MTL_ENABLE_DEBUG_INFO = YES;
				ONLY_ACTIVE_ARCH = YES;
				SDKROOT = iphoneos;
			};
			name = Debug;
		};
		7CCC61EB1B7B38BA003A468F /* Release */ = {
			isa = XCBuildConfiguration;
			buildSettings = {
				ALWAYS_SEARCH_USER_PATHS = NO;
				CLANG_CXX_LANGUAGE_STANDARD = "gnu++0x";
				CLANG_CXX_LIBRARY = "libc++";
				CLANG_ENABLE_MODULES = YES;
				CLANG_ENABLE_OBJC_ARC = YES;
				CLANG_WARN_BLOCK_CAPTURE_AUTORELEASING = YES;
				CLANG_WARN_BOOL_CONVERSION = YES;
				CLANG_WARN_COMMA = YES;
				CLANG_WARN_CONSTANT_CONVERSION = YES;
				CLANG_WARN_DIRECT_OBJC_ISA_USAGE = YES_ERROR;
				CLANG_WARN_EMPTY_BODY = YES;
				CLANG_WARN_ENUM_CONVERSION = YES;
				CLANG_WARN_INFINITE_RECURSION = YES;
				CLANG_WARN_INT_CONVERSION = YES;
				CLANG_WARN_NON_LITERAL_NULL_CONVERSION = YES;
				CLANG_WARN_OBJC_LITERAL_CONVERSION = YES;
				CLANG_WARN_OBJC_ROOT_CLASS = YES_ERROR;
				CLANG_WARN_RANGE_LOOP_ANALYSIS = YES;
				CLANG_WARN_STRICT_PROTOTYPES = YES;
				CLANG_WARN_SUSPICIOUS_MOVE = YES;
				CLANG_WARN_UNREACHABLE_CODE = YES;
				CLANG_WARN__DUPLICATE_METHOD_MATCH = YES;
				"CODE_SIGN_IDENTITY[sdk=iphoneos*]" = "";
				COPY_PHASE_STRIP = NO;
				DEBUG_INFORMATION_FORMAT = "dwarf-with-dsym";
				ENABLE_NS_ASSERTIONS = NO;
				ENABLE_STRICT_OBJC_MSGSEND = YES;
				GCC_C_LANGUAGE_STANDARD = gnu99;
				GCC_NO_COMMON_BLOCKS = YES;
				GCC_WARN_64_TO_32_BIT_CONVERSION = YES;
				GCC_WARN_ABOUT_RETURN_TYPE = YES_ERROR;
				GCC_WARN_UNDECLARED_SELECTOR = YES;
				GCC_WARN_UNINITIALIZED_AUTOS = YES_AGGRESSIVE;
				GCC_WARN_UNUSED_FUNCTION = YES;
				GCC_WARN_UNUSED_PARAMETER = YES;
				GCC_WARN_UNUSED_VARIABLE = YES;
				IPHONEOS_DEPLOYMENT_TARGET = 9.0;
				MTL_ENABLE_DEBUG_INFO = NO;
				SDKROOT = iphoneos;
				VALIDATE_PRODUCT = YES;
			};
			name = Release;
		};
		7CCC61ED1B7B38BA003A468F /* Debug */ = {
			isa = XCBuildConfiguration;
			baseConfigurationReference = CA0099FBAAFE0580C985E4EA /* Pods-OHMySQL.debug.xcconfig */;
			buildSettings = {
				ALWAYS_SEARCH_USER_PATHS = NO;
				ASSETCATALOG_COMPILER_APPICON_NAME = AppIcon;
				BUNDLE_LOADER = "";
				CLANG_WARN_DOCUMENTATION_COMMENTS = YES;
				CLANG_WARN_OBJC_IMPLICIT_RETAIN_SELF = YES;
				CLANG_WARN_OBJC_REPEATED_USE_OF_WEAK = YES;
				CODE_SIGN_IDENTITY = "iPhone Developer";
				"CODE_SIGN_IDENTITY[sdk=iphoneos*]" = "iPhone Developer";
				DEVELOPMENT_TEAM = 4LZBFVML4B;
				GCC_WARN_ABOUT_MISSING_NEWLINE = YES;
				GCC_WARN_SHADOW = YES;
				GCC_WARN_UNUSED_PARAMETER = YES;
				HEADER_SEARCH_PATHS = (
					"$(inherited)",
					"\"${PODS_ROOT}/Headers/Public\"",
					"\"${PODS_ROOT}/Headers/Public/OHMySQL\"",
				);
				INFOPLIST_FILE = "$(SRCROOT)/OHMySQLProject/Supporting Files/Info-Sample.plist";
				LD_RUNPATH_SEARCH_PATHS = "$(inherited) @executable_path/Frameworks";
				OTHER_LDFLAGS = (
					"$(inherited)",
					"-ObjC",
				);
				PRODUCT_BUNDLE_IDENTIFIER = com.com.ohmysql;
				PRODUCT_NAME = OHMySQL;
				PROVISIONING_PROFILE = "";
			};
			name = Debug;
		};
		7CCC61EE1B7B38BA003A468F /* Release */ = {
			isa = XCBuildConfiguration;
			baseConfigurationReference = C4F43FE8C9F9591D60294582 /* Pods-OHMySQL.release.xcconfig */;
			buildSettings = {
				ALWAYS_SEARCH_USER_PATHS = NO;
				ASSETCATALOG_COMPILER_APPICON_NAME = AppIcon;
				BUNDLE_LOADER = "";
				CLANG_WARN_DOCUMENTATION_COMMENTS = YES;
				CLANG_WARN_OBJC_IMPLICIT_RETAIN_SELF = YES;
				CLANG_WARN_OBJC_REPEATED_USE_OF_WEAK = YES;
				CODE_SIGN_IDENTITY = "iPhone Developer";
				"CODE_SIGN_IDENTITY[sdk=iphoneos*]" = "iPhone Developer";
				DEVELOPMENT_TEAM = 4LZBFVML4B;
				GCC_WARN_ABOUT_MISSING_NEWLINE = YES;
				GCC_WARN_SHADOW = YES;
				GCC_WARN_UNUSED_PARAMETER = YES;
				HEADER_SEARCH_PATHS = (
					"$(inherited)",
					"\"${PODS_ROOT}/Headers/Public\"",
					"\"${PODS_ROOT}/Headers/Public/OHMySQL\"",
				);
				INFOPLIST_FILE = "$(SRCROOT)/OHMySQLProject/Supporting Files/Info-Sample.plist";
				LD_RUNPATH_SEARCH_PATHS = "$(inherited) @executable_path/Frameworks";
				OTHER_LDFLAGS = (
					"$(inherited)",
					"-ObjC",
				);
				PRODUCT_BUNDLE_IDENTIFIER = com.com.ohmysql;
				PRODUCT_NAME = OHMySQL;
				PROVISIONING_PROFILE = "";
			};
			name = Release;
		};
		7CE55E201BB95B77004A2FF9 /* Debug */ = {
			isa = XCBuildConfiguration;
			baseConfigurationReference = C8485DFA574A15018E32463F /* Pods-OHMySQLTests.debug.xcconfig */;
			buildSettings = {
				BUNDLE_LOADER = "$(TEST_HOST)";
				DEBUG_INFORMATION_FORMAT = dwarf;
				INFOPLIST_FILE = "OHMySQLTests/Supporting Files/Info.plist";
				IPHONEOS_DEPLOYMENT_TARGET = 9.0;
				LD_RUNPATH_SEARCH_PATHS = "$(inherited) @executable_path/Frameworks @loader_path/Frameworks";
				PRODUCT_BUNDLE_IDENTIFIER = SyS.OHMySQLTests;
				PRODUCT_NAME = "$(TARGET_NAME)";
				TEST_HOST = "$(BUILT_PRODUCTS_DIR)/OHMySQL.app/OHMySQL";
			};
			name = Debug;
		};
		7CE55E211BB95B77004A2FF9 /* Release */ = {
			isa = XCBuildConfiguration;
			baseConfigurationReference = 155CDD14CFF0D5433326EBBC /* Pods-OHMySQLTests.release.xcconfig */;
			buildSettings = {
				BUNDLE_LOADER = "$(TEST_HOST)";
				INFOPLIST_FILE = "OHMySQLTests/Supporting Files/Info.plist";
				IPHONEOS_DEPLOYMENT_TARGET = 9.0;
				LD_RUNPATH_SEARCH_PATHS = "$(inherited) @executable_path/Frameworks @loader_path/Frameworks";
				PRODUCT_BUNDLE_IDENTIFIER = SyS.OHMySQLTests;
				PRODUCT_NAME = "$(TARGET_NAME)";
				TEST_HOST = "$(BUILT_PRODUCTS_DIR)/OHMySQL.app/OHMySQL";
			};
			name = Release;
		};
/* End XCBuildConfiguration section */

/* Begin XCConfigurationList section */
		7CCC61C41B7B38BA003A468F /* Build configuration list for PBXProject "OHMySQL" */ = {
			isa = XCConfigurationList;
			buildConfigurations = (
				7CCC61EA1B7B38BA003A468F /* Debug */,
				7CCC61EB1B7B38BA003A468F /* Release */,
			);
			defaultConfigurationIsVisible = 0;
			defaultConfigurationName = Release;
		};
		7CCC61EC1B7B38BA003A468F /* Build configuration list for PBXNativeTarget "OHMySQL" */ = {
			isa = XCConfigurationList;
			buildConfigurations = (
				7CCC61ED1B7B38BA003A468F /* Debug */,
				7CCC61EE1B7B38BA003A468F /* Release */,
			);
			defaultConfigurationIsVisible = 0;
			defaultConfigurationName = Release;
		};
		7CE55E1F1BB95B77004A2FF9 /* Build configuration list for PBXNativeTarget "OHMySQLTests" */ = {
			isa = XCConfigurationList;
			buildConfigurations = (
				7CE55E201BB95B77004A2FF9 /* Debug */,
				7CE55E211BB95B77004A2FF9 /* Release */,
			);
			defaultConfigurationIsVisible = 0;
			defaultConfigurationName = Release;
		};
/* End XCConfigurationList section */

/* Begin XCVersionGroup section */
		7C6A95B51C0087A00083798B /* OHDemoModel.xcdatamodeld */ = {
			isa = XCVersionGroup;
			children = (
				7C6A95B61C0087A00083798B /* OHDemoModel.xcdatamodel */,
			);
			currentVersion = 7C6A95B61C0087A00083798B /* OHDemoModel.xcdatamodel */;
			path = OHDemoModel.xcdatamodeld;
			sourceTree = "<group>";
			versionGroupType = wrapper.xcdatamodel;
		};
/* End XCVersionGroup section */
	};
	rootObject = 7CCC61C11B7B38BA003A468F /* Project object */;
}
