// !$*UTF8*$!
{
	archiveVersion = 1;
	classes = {
	};
	objectVersion = 46;
	objects = {

/* Begin PBXBuildFile section */
		06674F243AB658851A3BDB77 /* libPods.a in Frameworks */ = {isa = PBXBuildFile; fileRef = 54E7F3918299C1761618F36C /* libPods.a */; };
		7CCC61F91B7B5661003A468F /* Foundation.framework in Frameworks */ = {isa = PBXBuildFile; fileRef = 7CCC61F81B7B5661003A468F /* Foundation.framework */; settings = {ATTRIBUTES = (Required, ); }; };
		7CD43FFA1BBABE30001EFEDE /* OHMySQLSerialization.m in Sources */ = {isa = PBXBuildFile; fileRef = 7CD43FF91BBABE30001EFEDE /* OHMySQLSerialization.m */; settings = {ASSET_TAGS = (); }; };
		7CE55D261BB95887004A2FF9 /* OHAppDelegateTest.m in Sources */ = {isa = PBXBuildFile; fileRef = 7CE55D221BB95887004A2FF9 /* OHAppDelegateTest.m */; settings = {ASSET_TAGS = (); }; };
		7CE55D471BB95928004A2FF9 /* OHViewController.m in Sources */ = {isa = PBXBuildFile; fileRef = 7CE55D461BB95928004A2FF9 /* OHViewController.m */; settings = {ASSET_TAGS = (); }; };
		7CE55D4A1BB95930004A2FF9 /* Main.storyboard in Resources */ = {isa = PBXBuildFile; fileRef = 7CE55D481BB95930004A2FF9 /* Main.storyboard */; settings = {ASSET_TAGS = (); }; };
		7CE55E0B1BB95A48004A2FF9 /* AppDelegate.m in Sources */ = {isa = PBXBuildFile; fileRef = 7CE55E051BB95A48004A2FF9 /* AppDelegate.m */; settings = {ASSET_TAGS = (); }; };
		7CE55E0C1BB95A48004A2FF9 /* LaunchScreen.xib in Resources */ = {isa = PBXBuildFile; fileRef = 7CE55E061BB95A48004A2FF9 /* LaunchScreen.xib */; settings = {ASSET_TAGS = (); }; };
		7CE55E0D1BB95A48004A2FF9 /* Images.xcassets in Resources */ = {isa = PBXBuildFile; fileRef = 7CE55E081BB95A48004A2FF9 /* Images.xcassets */; settings = {ASSET_TAGS = (); }; };
		7CE55E0F1BB95A48004A2FF9 /* main.m in Sources */ = {isa = PBXBuildFile; fileRef = 7CE55E0A1BB95A48004A2FF9 /* main.m */; settings = {ASSET_TAGS = (); }; };
		7CE55E231BB95BD6004A2FF9 /* OHMySQLTests.m in Sources */ = {isa = PBXBuildFile; fileRef = 7CE55E221BB95BD6004A2FF9 /* OHMySQLTests.m */; settings = {ASSET_TAGS = (); }; };
		7CE55E301BB95E79004A2FF9 /* NSString+Helper.m in Sources */ = {isa = PBXBuildFile; fileRef = 7CE55E271BB95E79004A2FF9 /* NSString+Helper.m */; settings = {ASSET_TAGS = (); }; };
		7CE55E311BB95E79004A2FF9 /* OHMySQLManager.m in Sources */ = {isa = PBXBuildFile; fileRef = 7CE55E2B1BB95E79004A2FF9 /* OHMySQLManager.m */; settings = {ASSET_TAGS = (); }; };
		7CE55E321BB95E79004A2FF9 /* OHMySQLQuery.m in Sources */ = {isa = PBXBuildFile; fileRef = 7CE55E2D1BB95E79004A2FF9 /* OHMySQLQuery.m */; settings = {ASSET_TAGS = (); }; };
		7CE55E331BB95E79004A2FF9 /* OHMySQLUser.m in Sources */ = {isa = PBXBuildFile; fileRef = 7CE55E2F1BB95E79004A2FF9 /* OHMySQLUser.m */; settings = {ASSET_TAGS = (); }; };
/* End PBXBuildFile section */

/* Begin PBXContainerItemProxy section */
		7CE55E1D1BB95B77004A2FF9 /* PBXContainerItemProxy */ = {
			isa = PBXContainerItemProxy;
			containerPortal = 7CCC61C11B7B38BA003A468F /* Project object */;
			proxyType = 1;
			remoteGlobalIDString = 7CCC61C81B7B38BA003A468F;
			remoteInfo = OHMySQL;
		};
/* End PBXContainerItemProxy section */

/* Begin PBXFileReference section */
		54E7F3918299C1761618F36C /* libPods.a */ = {isa = PBXFileReference; explicitFileType = archive.ar; includeInIndex = 0; path = libPods.a; sourceTree = BUILT_PRODUCTS_DIR; };
		7CCC61C91B7B38BA003A468F /* OHMySQL.app */ = {isa = PBXFileReference; explicitFileType = wrapper.application; includeInIndex = 0; path = OHMySQL.app; sourceTree = BUILT_PRODUCTS_DIR; };
		7CCC61F81B7B5661003A468F /* Foundation.framework */ = {isa = PBXFileReference; lastKnownFileType = wrapper.framework; name = Foundation.framework; path = System/Library/Frameworks/Foundation.framework; sourceTree = SDKROOT; };
		7CCC61FA1B7B566A003A468F /* CoreFoundation.framework */ = {isa = PBXFileReference; lastKnownFileType = wrapper.framework; name = CoreFoundation.framework; path = System/Library/Frameworks/CoreFoundation.framework; sourceTree = SDKROOT; };
		7CD43FF81BBABE30001EFEDE /* OHMySQLSerialization.h */ = {isa = PBXFileReference; fileEncoding = 4; lastKnownFileType = sourcecode.c.h; path = OHMySQLSerialization.h; sourceTree = "<group>"; };
		7CD43FF91BBABE30001EFEDE /* OHMySQLSerialization.m */ = {isa = PBXFileReference; fileEncoding = 4; lastKnownFileType = sourcecode.c.objc; path = OHMySQLSerialization.m; sourceTree = "<group>"; };
		7CE55D211BB95887004A2FF9 /* OHAppDelegateTest.h */ = {isa = PBXFileReference; fileEncoding = 4; lastKnownFileType = sourcecode.c.h; path = OHAppDelegateTest.h; sourceTree = "<group>"; };
		7CE55D221BB95887004A2FF9 /* OHAppDelegateTest.m */ = {isa = PBXFileReference; fileEncoding = 4; lastKnownFileType = sourcecode.c.objc; path = OHAppDelegateTest.m; sourceTree = "<group>"; };
		7CE55D451BB95928004A2FF9 /* OHViewController.h */ = {isa = PBXFileReference; fileEncoding = 4; lastKnownFileType = sourcecode.c.h; path = OHViewController.h; sourceTree = SOURCE_ROOT; };
		7CE55D461BB95928004A2FF9 /* OHViewController.m */ = {isa = PBXFileReference; fileEncoding = 4; lastKnownFileType = sourcecode.c.objc; path = OHViewController.m; sourceTree = SOURCE_ROOT; };
		7CE55D491BB95930004A2FF9 /* Base */ = {isa = PBXFileReference; lastKnownFileType = file.storyboard; name = Base; path = Base.lproj/Main.storyboard; sourceTree = SOURCE_ROOT; };
		7CE55E041BB95A48004A2FF9 /* AppDelegate.h */ = {isa = PBXFileReference; fileEncoding = 4; lastKnownFileType = sourcecode.c.h; path = AppDelegate.h; sourceTree = "<group>"; };
		7CE55E051BB95A48004A2FF9 /* AppDelegate.m */ = {isa = PBXFileReference; fileEncoding = 4; lastKnownFileType = sourcecode.c.objc; path = AppDelegate.m; sourceTree = "<group>"; };
		7CE55E071BB95A48004A2FF9 /* Base */ = {isa = PBXFileReference; lastKnownFileType = file.xib; name = Base; path = Base.lproj/LaunchScreen.xib; sourceTree = "<group>"; };
		7CE55E081BB95A48004A2FF9 /* Images.xcassets */ = {isa = PBXFileReference; lastKnownFileType = folder.assetcatalog; path = Images.xcassets; sourceTree = "<group>"; };
		7CE55E091BB95A48004A2FF9 /* Info-Sample.plist */ = {isa = PBXFileReference; fileEncoding = 4; lastKnownFileType = text.plist.xml; path = "Info-Sample.plist"; sourceTree = "<group>"; };
		7CE55E0A1BB95A48004A2FF9 /* main.m */ = {isa = PBXFileReference; fileEncoding = 4; lastKnownFileType = sourcecode.c.objc; path = main.m; sourceTree = "<group>"; };
		7CE55E181BB95B77004A2FF9 /* OHMySQLTests.xctest */ = {isa = PBXFileReference; explicitFileType = wrapper.cfbundle; includeInIndex = 0; path = OHMySQLTests.xctest; sourceTree = BUILT_PRODUCTS_DIR; };
		7CE55E1C1BB95B77004A2FF9 /* Info.plist */ = {isa = PBXFileReference; lastKnownFileType = text.plist.xml; path = Info.plist; sourceTree = "<group>"; };
		7CE55E221BB95BD6004A2FF9 /* OHMySQLTests.m */ = {isa = PBXFileReference; fileEncoding = 4; lastKnownFileType = sourcecode.c.objc; path = OHMySQLTests.m; sourceTree = "<group>"; };
		7CE55E261BB95E79004A2FF9 /* NSString+Helper.h */ = {isa = PBXFileReference; fileEncoding = 4; lastKnownFileType = sourcecode.c.h; path = "NSString+Helper.h"; sourceTree = "<group>"; };
		7CE55E271BB95E79004A2FF9 /* NSString+Helper.m */ = {isa = PBXFileReference; fileEncoding = 4; lastKnownFileType = sourcecode.c.objc; path = "NSString+Helper.m"; sourceTree = "<group>"; };
		7CE55E281BB95E79004A2FF9 /* OHConstants.h */ = {isa = PBXFileReference; fileEncoding = 4; lastKnownFileType = sourcecode.c.h; path = OHConstants.h; sourceTree = "<group>"; };
		7CE55E291BB95E79004A2FF9 /* OHMySQL.h */ = {isa = PBXFileReference; fileEncoding = 4; lastKnownFileType = sourcecode.c.h; path = OHMySQL.h; sourceTree = "<group>"; };
		7CE55E2A1BB95E79004A2FF9 /* OHMySQLManager.h */ = {isa = PBXFileReference; fileEncoding = 4; lastKnownFileType = sourcecode.c.h; path = OHMySQLManager.h; sourceTree = "<group>"; };
		7CE55E2B1BB95E79004A2FF9 /* OHMySQLManager.m */ = {isa = PBXFileReference; fileEncoding = 4; lastKnownFileType = sourcecode.c.objc; path = OHMySQLManager.m; sourceTree = "<group>"; };
		7CE55E2C1BB95E79004A2FF9 /* OHMySQLQuery.h */ = {isa = PBXFileReference; fileEncoding = 4; lastKnownFileType = sourcecode.c.h; path = OHMySQLQuery.h; sourceTree = "<group>"; };
		7CE55E2D1BB95E79004A2FF9 /* OHMySQLQuery.m */ = {isa = PBXFileReference; fileEncoding = 4; lastKnownFileType = sourcecode.c.objc; path = OHMySQLQuery.m; sourceTree = "<group>"; };
		7CE55E2E1BB95E79004A2FF9 /* OHMySQLUser.h */ = {isa = PBXFileReference; fileEncoding = 4; lastKnownFileType = sourcecode.c.h; path = OHMySQLUser.h; sourceTree = "<group>"; };
		7CE55E2F1BB95E79004A2FF9 /* OHMySQLUser.m */ = {isa = PBXFileReference; fileEncoding = 4; lastKnownFileType = sourcecode.c.objc; path = OHMySQLUser.m; sourceTree = "<group>"; };
		F383C11697CBDCC57F8BAF7E /* Pods.debug.xcconfig */ = {isa = PBXFileReference; includeInIndex = 1; lastKnownFileType = text.xcconfig; name = Pods.debug.xcconfig; path = "Pods/Target Support Files/Pods/Pods.debug.xcconfig"; sourceTree = "<group>"; };
		F8D71F15E5B73A62DE3B7D74 /* Pods.release.xcconfig */ = {isa = PBXFileReference; includeInIndex = 1; lastKnownFileType = text.xcconfig; name = Pods.release.xcconfig; path = "Pods/Target Support Files/Pods/Pods.release.xcconfig"; sourceTree = "<group>"; };
/* End PBXFileReference section */

/* Begin PBXFrameworksBuildPhase section */
		7CCC61C61B7B38BA003A468F /* Frameworks */ = {
			isa = PBXFrameworksBuildPhase;
			buildActionMask = 2147483647;
			files = (
				7CCC61F91B7B5661003A468F /* Foundation.framework in Frameworks */,
				06674F243AB658851A3BDB77 /* libPods.a in Frameworks */,
			);
			runOnlyForDeploymentPostprocessing = 0;
		};
		7CE55E151BB95B77004A2FF9 /* Frameworks */ = {
			isa = PBXFrameworksBuildPhase;
			buildActionMask = 2147483647;
			files = (
			);
			runOnlyForDeploymentPostprocessing = 0;
		};
/* End PBXFrameworksBuildPhase section */

/* Begin PBXGroup section */
		7CCC61C01B7B38BA003A468F = {
			isa = PBXGroup;
			children = (
				7CE55E251BB95E79004A2FF9 /* OHMySQL */,
				7CCC61CB1B7B38BA003A468F /* OHMySQLProject */,
				7CE55D201BB95887004A2FF9 /* OHMySQLTests */,
				7CCC61CA1B7B38BA003A468F /* Products */,
				B97B74721DA611951BF0DEFD /* Pods */,
				FE42F509C0FD8A891F7BA875 /* Frameworks */,
			);
			sourceTree = "<group>";
		};
		7CCC61CA1B7B38BA003A468F /* Products */ = {
			isa = PBXGroup;
			children = (
				7CCC61C91B7B38BA003A468F /* OHMySQL.app */,
				7CE55E181BB95B77004A2FF9 /* OHMySQLTests.xctest */,
			);
			name = Products;
			sourceTree = "<group>";
		};
		7CCC61CB1B7B38BA003A468F /* OHMySQLProject */ = {
			isa = PBXGroup;
			children = (
				7CE55D451BB95928004A2FF9 /* OHViewController.h */,
				7CE55D461BB95928004A2FF9 /* OHViewController.m */,
				7CE55D481BB95930004A2FF9 /* Main.storyboard */,
				7CE55E031BB95A48004A2FF9 /* Supporting Files */,
			);
			name = OHMySQLProject;
			path = MySQL;
			sourceTree = "<group>";
		};
		7CE55D201BB95887004A2FF9 /* OHMySQLTests */ = {
			isa = PBXGroup;
			children = (
				7CE55E221BB95BD6004A2FF9 /* OHMySQLTests.m */,
				7CE55E241BB95C13004A2FF9 /* Supporting Files */,
			);
			path = OHMySQLTests;
			sourceTree = "<group>";
		};
		7CE55E031BB95A48004A2FF9 /* Supporting Files */ = {
			isa = PBXGroup;
			children = (
				7CE55E041BB95A48004A2FF9 /* AppDelegate.h */,
				7CE55E051BB95A48004A2FF9 /* AppDelegate.m */,
				7CE55E061BB95A48004A2FF9 /* LaunchScreen.xib */,
				7CE55E081BB95A48004A2FF9 /* Images.xcassets */,
				7CE55E091BB95A48004A2FF9 /* Info-Sample.plist */,
				7CE55E0A1BB95A48004A2FF9 /* main.m */,
			);
			path = "Supporting Files";
			sourceTree = SOURCE_ROOT;
		};
		7CE55E241BB95C13004A2FF9 /* Supporting Files */ = {
			isa = PBXGroup;
			children = (
				7CE55D211BB95887004A2FF9 /* OHAppDelegateTest.h */,
				7CE55D221BB95887004A2FF9 /* OHAppDelegateTest.m */,
				7CE55E1C1BB95B77004A2FF9 /* Info.plist */,
			);
			name = "Supporting Files";
			sourceTree = "<group>";
		};
		7CE55E251BB95E79004A2FF9 /* OHMySQL */ = {
			isa = PBXGroup;
			children = (
				7CE55E261BB95E79004A2FF9 /* NSString+Helper.h */,
				7CE55E271BB95E79004A2FF9 /* NSString+Helper.m */,
				7CE55E281BB95E79004A2FF9 /* OHConstants.h */,
				7CE55E291BB95E79004A2FF9 /* OHMySQL.h */,
				7CE55E2A1BB95E79004A2FF9 /* OHMySQLManager.h */,
				7CE55E2B1BB95E79004A2FF9 /* OHMySQLManager.m */,
				7CD43FF81BBABE30001EFEDE /* OHMySQLSerialization.h */,
				7CD43FF91BBABE30001EFEDE /* OHMySQLSerialization.m */,
				7CE55E2C1BB95E79004A2FF9 /* OHMySQLQuery.h */,
				7CE55E2D1BB95E79004A2FF9 /* OHMySQLQuery.m */,
				7CE55E2E1BB95E79004A2FF9 /* OHMySQLUser.h */,
				7CE55E2F1BB95E79004A2FF9 /* OHMySQLUser.m */,
			);
			name = OHMySQL;
			path = ../OHMySQL;
			sourceTree = "<group>";
		};
		B97B74721DA611951BF0DEFD /* Pods */ = {
			isa = PBXGroup;
			children = (
				F383C11697CBDCC57F8BAF7E /* Pods.debug.xcconfig */,
				F8D71F15E5B73A62DE3B7D74 /* Pods.release.xcconfig */,
			);
			name = Pods;
			sourceTree = "<group>";
		};
		FE42F509C0FD8A891F7BA875 /* Frameworks */ = {
			isa = PBXGroup;
			children = (
				7CCC61FA1B7B566A003A468F /* CoreFoundation.framework */,
				7CCC61F81B7B5661003A468F /* Foundation.framework */,
				54E7F3918299C1761618F36C /* libPods.a */,
			);
			name = Frameworks;
			sourceTree = "<group>";
		};
/* End PBXGroup section */

/* Begin PBXNativeTarget section */
		7CCC61C81B7B38BA003A468F /* OHMySQL */ = {
			isa = PBXNativeTarget;
			buildConfigurationList = 7CCC61EC1B7B38BA003A468F /* Build configuration list for PBXNativeTarget "OHMySQL" */;
			buildPhases = (
				F4494C2DF972AED2F12F5C57 /* Check Pods Manifest.lock */,
				7CCC61C51B7B38BA003A468F /* Sources */,
				7CCC61C61B7B38BA003A468F /* Frameworks */,
				7CCC61C71B7B38BA003A468F /* Resources */,
				DFA5E2A109D4303E9F1731CC /* Copy Pods Resources */,
			);
			buildRules = (
			);
			dependencies = (
			);
			name = OHMySQL;
			productName = MySQL;
			productReference = 7CCC61C91B7B38BA003A468F /* OHMySQL.app */;
			productType = "com.apple.product-type.application";
		};
		7CE55E171BB95B77004A2FF9 /* OHMySQLTests */ = {
			isa = PBXNativeTarget;
			buildConfigurationList = 7CE55E1F1BB95B77004A2FF9 /* Build configuration list for PBXNativeTarget "OHMySQLTests" */;
			buildPhases = (
				7CE55E141BB95B77004A2FF9 /* Sources */,
				7CE55E151BB95B77004A2FF9 /* Frameworks */,
				7CE55E161BB95B77004A2FF9 /* Resources */,
			);
			buildRules = (
			);
			dependencies = (
				7CE55E1E1BB95B77004A2FF9 /* PBXTargetDependency */,
			);
			name = OHMySQLTests;
			productName = OHMySQLTests;
			productReference = 7CE55E181BB95B77004A2FF9 /* OHMySQLTests.xctest */;
			productType = "com.apple.product-type.bundle.unit-test";
		};
/* End PBXNativeTarget section */

/* Begin PBXProject section */
		7CCC61C11B7B38BA003A468F /* Project object */ = {
			isa = PBXProject;
			attributes = {
				CLASSPREFIX = OH;
				LastUpgradeCheck = 0700;
				ORGANIZATIONNAME = "Oleg Hnidets";
				TargetAttributes = {
					7CCC61C81B7B38BA003A468F = {
						CreatedOnToolsVersion = 6.4;
					};
					7CE55E171BB95B77004A2FF9 = {
						CreatedOnToolsVersion = 7.0;
						TestTargetID = 7CCC61C81B7B38BA003A468F;
					};
				};
			};
			buildConfigurationList = 7CCC61C41B7B38BA003A468F /* Build configuration list for PBXProject "OHMySQL" */;
			compatibilityVersion = "Xcode 3.2";
			developmentRegion = English;
			hasScannedForEncodings = 0;
			knownRegions = (
				en,
				Base,
			);
			mainGroup = 7CCC61C01B7B38BA003A468F;
			productRefGroup = 7CCC61CA1B7B38BA003A468F /* Products */;
			projectDirPath = "";
			projectRoot = "";
			targets = (
				7CCC61C81B7B38BA003A468F /* OHMySQL */,
				7CE55E171BB95B77004A2FF9 /* OHMySQLTests */,
			);
		};
/* End PBXProject section */

/* Begin PBXResourcesBuildPhase section */
		7CCC61C71B7B38BA003A468F /* Resources */ = {
			isa = PBXResourcesBuildPhase;
			buildActionMask = 2147483647;
			files = (
				7CE55D4A1BB95930004A2FF9 /* Main.storyboard in Resources */,
				7CE55E0D1BB95A48004A2FF9 /* Images.xcassets in Resources */,
				7CE55E0C1BB95A48004A2FF9 /* LaunchScreen.xib in Resources */,
			);
			runOnlyForDeploymentPostprocessing = 0;
		};
		7CE55E161BB95B77004A2FF9 /* Resources */ = {
			isa = PBXResourcesBuildPhase;
			buildActionMask = 2147483647;
			files = (
			);
			runOnlyForDeploymentPostprocessing = 0;
		};
/* End PBXResourcesBuildPhase section */

/* Begin PBXShellScriptBuildPhase section */
		DFA5E2A109D4303E9F1731CC /* Copy Pods Resources */ = {
			isa = PBXShellScriptBuildPhase;
			buildActionMask = 2147483647;
			files = (
			);
			inputPaths = (
			);
			name = "Copy Pods Resources";
			outputPaths = (
			);
			runOnlyForDeploymentPostprocessing = 0;
			shellPath = /bin/sh;
			shellScript = "\"${SRCROOT}/Pods/Target Support Files/Pods/Pods-resources.sh\"\n";
			showEnvVarsInLog = 0;
		};
		F4494C2DF972AED2F12F5C57 /* Check Pods Manifest.lock */ = {
			isa = PBXShellScriptBuildPhase;
			buildActionMask = 2147483647;
			files = (
			);
			inputPaths = (
			);
			name = "Check Pods Manifest.lock";
			outputPaths = (
			);
			runOnlyForDeploymentPostprocessing = 0;
			shellPath = /bin/sh;
			shellScript = "diff \"${PODS_ROOT}/../Podfile.lock\" \"${PODS_ROOT}/Manifest.lock\" > /dev/null\nif [[ $? != 0 ]] ; then\n    cat << EOM\nerror: The sandbox is not in sync with the Podfile.lock. Run 'pod install' or update your CocoaPods installation.\nEOM\n    exit 1\nfi\n";
			showEnvVarsInLog = 0;
		};
/* End PBXShellScriptBuildPhase section */

/* Begin PBXSourcesBuildPhase section */
		7CCC61C51B7B38BA003A468F /* Sources */ = {
			isa = PBXSourcesBuildPhase;
			buildActionMask = 2147483647;
			files = (
				7CE55E301BB95E79004A2FF9 /* NSString+Helper.m in Sources */,
				7CE55E311BB95E79004A2FF9 /* OHMySQLManager.m in Sources */,
				7CE55D261BB95887004A2FF9 /* OHAppDelegateTest.m in Sources */,
				7CE55D471BB95928004A2FF9 /* OHViewController.m in Sources */,
				7CD43FFA1BBABE30001EFEDE /* OHMySQLSerialization.m in Sources */,
				7CE55E331BB95E79004A2FF9 /* OHMySQLUser.m in Sources */,
				7CE55E0F1BB95A48004A2FF9 /* main.m in Sources */,
				7CE55E0B1BB95A48004A2FF9 /* AppDelegate.m in Sources */,
				7CE55E321BB95E79004A2FF9 /* OHMySQLQuery.m in Sources */,
			);
			runOnlyForDeploymentPostprocessing = 0;
		};
		7CE55E141BB95B77004A2FF9 /* Sources */ = {
			isa = PBXSourcesBuildPhase;
			buildActionMask = 2147483647;
			files = (
				7CE55E231BB95BD6004A2FF9 /* OHMySQLTests.m in Sources */,
			);
			runOnlyForDeploymentPostprocessing = 0;
		};
/* End PBXSourcesBuildPhase section */

/* Begin PBXTargetDependency section */
		7CE55E1E1BB95B77004A2FF9 /* PBXTargetDependency */ = {
			isa = PBXTargetDependency;
			target = 7CCC61C81B7B38BA003A468F /* OHMySQL */;
			targetProxy = 7CE55E1D1BB95B77004A2FF9 /* PBXContainerItemProxy */;
		};
/* End PBXTargetDependency section */

/* Begin PBXVariantGroup section */
		7CE55D481BB95930004A2FF9 /* Main.storyboard */ = {
			isa = PBXVariantGroup;
			children = (
				7CE55D491BB95930004A2FF9 /* Base */,
			);
			name = Main.storyboard;
			sourceTree = "<group>";
		};
		7CE55E061BB95A48004A2FF9 /* LaunchScreen.xib */ = {
			isa = PBXVariantGroup;
			children = (
				7CE55E071BB95A48004A2FF9 /* Base */,
			);
			name = LaunchScreen.xib;
			sourceTree = "<group>";
		};
/* End PBXVariantGroup section */

/* Begin XCBuildConfiguration section */
		7CCC61EA1B7B38BA003A468F /* Debug */ = {
			isa = XCBuildConfiguration;
			buildSettings = {
				ALWAYS_SEARCH_USER_PATHS = NO;
				CLANG_CXX_LANGUAGE_STANDARD = "gnu++0x";
				CLANG_CXX_LIBRARY = "libc++";
				CLANG_ENABLE_MODULES = YES;
				CLANG_ENABLE_OBJC_ARC = YES;
				CLANG_WARN_BOOL_CONVERSION = YES;
				CLANG_WARN_CONSTANT_CONVERSION = YES;
				CLANG_WARN_DIRECT_OBJC_ISA_USAGE = YES_ERROR;
				CLANG_WARN_EMPTY_BODY = YES;
				CLANG_WARN_ENUM_CONVERSION = YES;
				CLANG_WARN_INT_CONVERSION = YES;
				CLANG_WARN_OBJC_ROOT_CLASS = YES_ERROR;
				CLANG_WARN_UNREACHABLE_CODE = YES;
				CLANG_WARN__DUPLICATE_METHOD_MATCH = YES;
				"CODE_SIGN_IDENTITY[sdk=iphoneos*]" = "";
				COPY_PHASE_STRIP = NO;
				DEBUG_INFORMATION_FORMAT = "dwarf-with-dsym";
				ENABLE_STRICT_OBJC_MSGSEND = YES;
				ENABLE_TESTABILITY = YES;
				GCC_C_LANGUAGE_STANDARD = gnu99;
				GCC_DYNAMIC_NO_PIC = NO;
				GCC_NO_COMMON_BLOCKS = YES;
				GCC_OPTIMIZATION_LEVEL = 0;
				GCC_PREPROCESSOR_DEFINITIONS = (
					"DEBUG=1",
					"$(inherited)",
				);
				GCC_SYMBOLS_PRIVATE_EXTERN = NO;
				GCC_WARN_64_TO_32_BIT_CONVERSION = YES;
				GCC_WARN_ABOUT_RETURN_TYPE = YES_ERROR;
				GCC_WARN_UNDECLARED_SELECTOR = YES;
				GCC_WARN_UNINITIALIZED_AUTOS = YES_AGGRESSIVE;
				GCC_WARN_UNUSED_FUNCTION = YES;
				GCC_WARN_UNUSED_VARIABLE = YES;
				IPHONEOS_DEPLOYMENT_TARGET = 8.4;
				MTL_ENABLE_DEBUG_INFO = YES;
				ONLY_ACTIVE_ARCH = YES;
				SDKROOT = iphoneos;
			};
			name = Debug;
		};
		7CCC61EB1B7B38BA003A468F /* Release */ = {
			isa = XCBuildConfiguration;
			buildSettings = {
				ALWAYS_SEARCH_USER_PATHS = NO;
				CLANG_CXX_LANGUAGE_STANDARD = "gnu++0x";
				CLANG_CXX_LIBRARY = "libc++";
				CLANG_ENABLE_MODULES = YES;
				CLANG_ENABLE_OBJC_ARC = YES;
				CLANG_WARN_BOOL_CONVERSION = YES;
				CLANG_WARN_CONSTANT_CONVERSION = YES;
				CLANG_WARN_DIRECT_OBJC_ISA_USAGE = YES_ERROR;
				CLANG_WARN_EMPTY_BODY = YES;
				CLANG_WARN_ENUM_CONVERSION = YES;
				CLANG_WARN_INT_CONVERSION = YES;
				CLANG_WARN_OBJC_ROOT_CLASS = YES_ERROR;
				CLANG_WARN_UNREACHABLE_CODE = YES;
				CLANG_WARN__DUPLICATE_METHOD_MATCH = YES;
				"CODE_SIGN_IDENTITY[sdk=iphoneos*]" = "";
				COPY_PHASE_STRIP = NO;
				DEBUG_INFORMATION_FORMAT = "dwarf-with-dsym";
				ENABLE_NS_ASSERTIONS = NO;
				ENABLE_STRICT_OBJC_MSGSEND = YES;
				GCC_C_LANGUAGE_STANDARD = gnu99;
				GCC_NO_COMMON_BLOCKS = YES;
				GCC_WARN_64_TO_32_BIT_CONVERSION = YES;
				GCC_WARN_ABOUT_RETURN_TYPE = YES_ERROR;
				GCC_WARN_UNDECLARED_SELECTOR = YES;
				GCC_WARN_UNINITIALIZED_AUTOS = YES_AGGRESSIVE;
				GCC_WARN_UNUSED_FUNCTION = YES;
				GCC_WARN_UNUSED_VARIABLE = YES;
				IPHONEOS_DEPLOYMENT_TARGET = 8.4;
				MTL_ENABLE_DEBUG_INFO = NO;
				SDKROOT = iphoneos;
				VALIDATE_PRODUCT = YES;
			};
			name = Release;
		};
		7CCC61ED1B7B38BA003A468F /* Debug */ = {
			isa = XCBuildConfiguration;
			baseConfigurationReference = F383C11697CBDCC57F8BAF7E /* Pods.debug.xcconfig */;
			buildSettings = {
				ASSETCATALOG_COMPILER_APPICON_NAME = AppIcon;
				BUNDLE_LOADER = "";
				CLANG_WARN_DOCUMENTATION_COMMENTS = NO;
				INFOPLIST_FILE = "$(SRCROOT)/Supporting Files/Info-Sample.plist";
				LD_RUNPATH_SEARCH_PATHS = "$(inherited) @executable_path/Frameworks";
				PRODUCT_BUNDLE_IDENTIFIER = SyS.OHMySQL;
				PRODUCT_NAME = OHMySQL;
			};
			name = Debug;
		};
		7CCC61EE1B7B38BA003A468F /* Release */ = {
			isa = XCBuildConfiguration;
			baseConfigurationReference = F8D71F15E5B73A62DE3B7D74 /* Pods.release.xcconfig */;
			buildSettings = {
				ASSETCATALOG_COMPILER_APPICON_NAME = AppIcon;
				BUNDLE_LOADER = "";
				CLANG_WARN_DOCUMENTATION_COMMENTS = NO;
				INFOPLIST_FILE = "$(SRCROOT)/Supporting Files/Info-Sample.plist";
				LD_RUNPATH_SEARCH_PATHS = "$(inherited) @executable_path/Frameworks";
				PRODUCT_BUNDLE_IDENTIFIER = SyS.OHMySQL;
				PRODUCT_NAME = OHMySQL;
			};
			name = Release;
		};
		7CE55E201BB95B77004A2FF9 /* Debug */ = {
			isa = XCBuildConfiguration;
			buildSettings = {
				BUNDLE_LOADER = "$(TEST_HOST)";
				DEBUG_INFORMATION_FORMAT = dwarf;
				INFOPLIST_FILE = OHMySQLTests/Info.plist;
				IPHONEOS_DEPLOYMENT_TARGET = 9.0;
				LD_RUNPATH_SEARCH_PATHS = "$(inherited) @executable_path/Frameworks @loader_path/Frameworks";
				PRODUCT_BUNDLE_IDENTIFIER = SyS.OHMySQLTests;
				PRODUCT_NAME = "$(TARGET_NAME)";
				TEST_HOST = "$(BUILT_PRODUCTS_DIR)/OHMySQL.app/OHMySQL";
			};
			name = Debug;
		};
		7CE55E211BB95B77004A2FF9 /* Release */ = {
			isa = XCBuildConfiguration;
			buildSettings = {
				BUNDLE_LOADER = "$(TEST_HOST)";
				INFOPLIST_FILE = OHMySQLTests/Info.plist;
				IPHONEOS_DEPLOYMENT_TARGET = 9.0;
				LD_RUNPATH_SEARCH_PATHS = "$(inherited) @executable_path/Frameworks @loader_path/Frameworks";
				PRODUCT_BUNDLE_IDENTIFIER = SyS.OHMySQLTests;
				PRODUCT_NAME = "$(TARGET_NAME)";
				TEST_HOST = "$(BUILT_PRODUCTS_DIR)/OHMySQL.app/OHMySQL";
			};
			name = Release;
		};
/* End XCBuildConfiguration section */

/* Begin XCConfigurationList section */
		7CCC61C41B7B38BA003A468F /* Build configuration list for PBXProject "OHMySQL" */ = {
			isa = XCConfigurationList;
			buildConfigurations = (
				7CCC61EA1B7B38BA003A468F /* Debug */,
				7CCC61EB1B7B38BA003A468F /* Release */,
			);
			defaultConfigurationIsVisible = 0;
			defaultConfigurationName = Release;
		};
		7CCC61EC1B7B38BA003A468F /* Build configuration list for PBXNativeTarget "OHMySQL" */ = {
			isa = XCConfigurationList;
			buildConfigurations = (
				7CCC61ED1B7B38BA003A468F /* Debug */,
				7CCC61EE1B7B38BA003A468F /* Release */,
			);
			defaultConfigurationIsVisible = 0;
			defaultConfigurationName = Release;
		};
		7CE55E1F1BB95B77004A2FF9 /* Build configuration list for PBXNativeTarget "OHMySQLTests" */ = {
			isa = XCConfigurationList;
			buildConfigurations = (
				7CE55E201BB95B77004A2FF9 /* Debug */,
				7CE55E211BB95B77004A2FF9 /* Release */,
			);
			defaultConfigurationIsVisible = 0;
			defaultConfigurationName = Release;
		};
/* End XCConfigurationList section */
	};
	rootObject = 7CCC61C11B7B38BA003A468F /* Project object */;
}
